<?xml version="1.0" encoding="UTF-8"?>
<Project ToolsVersion="14.0" xmlns="http://schemas.microsoft.com/developer/msbuild/2003">
  <ItemGroup>
    <ClCompile Include="D:\ogs\AssemblerLib\ComputeSparsityPattern.cpp">
      <Filter>AssemblerLib</Filter>
    </ClCompile>
    <ClCompile Include="D:\ogs\AssemblerLib\LocalToGlobalIndexMap.cpp">
      <Filter>AssemblerLib</Filter>
    </ClCompile>
    <ClCompile Include="D:\ogs\AssemblerLib\MeshComponentMap.cpp">
      <Filter>AssemblerLib</Filter>
    </ClCompile>
  </ItemGroup>
  <ItemGroup>
    <ClInclude Include="D:\ogs\AssemblerLib\ComponentGlobalIndexDict.h">
      <Filter>AssemblerLib</Filter>
    </ClInclude>
    <ClInclude Include="D:\ogs\AssemblerLib\ComputeSparsityPattern.h">
      <Filter>AssemblerLib</Filter>
    </ClInclude>
    <ClInclude Include="D:\ogs\AssemblerLib\GlobalSetup.h">
      <Filter>AssemblerLib</Filter>
    </ClInclude>
    <ClInclude Include="D:\ogs\AssemblerLib\LocalAssemblerBuilder.h">
      <Filter>AssemblerLib</Filter>
    </ClInclude>
    <ClInclude Include="D:\ogs\AssemblerLib\LocalDataInitializer.h">
      <Filter>AssemblerLib</Filter>
    </ClInclude>
    <ClInclude Include="D:\ogs\AssemblerLib\LocalToGlobalIndexMap.h">
      <Filter>AssemblerLib</Filter>
    </ClInclude>
    <ClInclude Include="D:\ogs\AssemblerLib\MeshComponentMap.h">
      <Filter>AssemblerLib</Filter>
    </ClInclude>
    <ClInclude Include="D:\ogs\AssemblerLib\SerialExecutor.h">
      <Filter>AssemblerLib</Filter>
    </ClInclude>
    <ClInclude Include="D:\ogs\AssemblerLib\VectorMatrixAssembler.h">
      <Filter>AssemblerLib</Filter>
    </ClInclude>
    <ClInclude Include="D:\ogs\AssemblerLib\VectorMatrixBuilder.h">
      <Filter>AssemblerLib</Filter>
    </ClInclude>
  </ItemGroup>
  <ItemGroup>
    <CustomBuild Include="D:\ogs\AssemblerLib\CMakeLists.txt" />
  </ItemGroup>
  <ItemGroup>
    <Filter Include="AssemblerLib">
      <UniqueIdentifier>{C7DA8036-63D1-3EF8-964A-1D00613386DC}</UniqueIdentifier>
    </Filter>
  </ItemGroup>
</Project>
