<?xml version="1.0" encoding="UTF-8"?>
<Project ToolsVersion="14.0" xmlns="http://schemas.microsoft.com/developer/msbuild/2003">
  <ItemGroup>
    <ClCompile Include="D:\ogs\GeoLib\AnalyticalGeometry.cpp">
      <Filter>GeoLib</Filter>
    </ClCompile>
    <ClCompile Include="D:\ogs\GeoLib\EarClippingTriangulation.cpp">
      <Filter>GeoLib</Filter>
    </ClCompile>
    <ClCompile Include="D:\ogs\GeoLib\GEOObjects.cpp">
      <Filter>GeoLib</Filter>
    </ClCompile>
    <ClCompile Include="D:\ogs\GeoLib\GeoType.cpp">
      <Filter>GeoLib</Filter>
    </ClCompile>
    <ClCompile Include="D:\ogs\GeoLib\MinimalBoundingSphere.cpp">
      <Filter>GeoLib</Filter>
    </ClCompile>
    <ClCompile Include="D:\ogs\GeoLib\Point.cpp">
      <Filter>GeoLib</Filter>
    </ClCompile>
    <ClCompile Include="D:\ogs\GeoLib\PointVec.cpp">
      <Filter>GeoLib</Filter>
    </ClCompile>
    <ClCompile Include="D:\ogs\GeoLib\Polygon.cpp">
      <Filter>GeoLib</Filter>
    </ClCompile>
    <ClCompile Include="D:\ogs\GeoLib\Polyline.cpp">
      <Filter>GeoLib</Filter>
    </ClCompile>
    <ClCompile Include="D:\ogs\GeoLib\PolylineWithSegmentMarker.cpp">
      <Filter>GeoLib</Filter>
    </ClCompile>
    <ClCompile Include="D:\ogs\GeoLib\Raster.cpp">
      <Filter>GeoLib</Filter>
    </ClCompile>
    <ClCompile Include="D:\ogs\GeoLib\SensorData.cpp">
      <Filter>GeoLib</Filter>
    </ClCompile>
    <ClCompile Include="D:\ogs\GeoLib\SimplePolygonTree.cpp">
      <Filter>GeoLib</Filter>
    </ClCompile>
    <ClCompile Include="D:\ogs\GeoLib\Station.cpp">
      <Filter>GeoLib</Filter>
    </ClCompile>
    <ClCompile Include="D:\ogs\GeoLib\StationBorehole.cpp">
      <Filter>GeoLib</Filter>
    </ClCompile>
    <ClCompile Include="D:\ogs\GeoLib\Surface.cpp">
      <Filter>GeoLib</Filter>
    </ClCompile>
    <ClCompile Include="D:\ogs\GeoLib\SurfaceGrid.cpp">
      <Filter>GeoLib</Filter>
    </ClCompile>
    <ClCompile Include="D:\ogs\GeoLib\Triangle.cpp">
      <Filter>GeoLib</Filter>
    </ClCompile>
    <ClCompile Include="D:\ogs\ThirdParty\tetgen\predicates.cxx">
      <Filter>Source Files</Filter>
    </ClCompile>
  </ItemGroup>
  <ItemGroup>
    <ClInclude Include="D:\ogs\GeoLib\AABB.h">
      <Filter>GeoLib</Filter>
    </ClInclude>
    <ClInclude Include="D:\ogs\GeoLib\AnalyticalGeometry-impl.h">
      <Filter>GeoLib</Filter>
    </ClInclude>
    <ClInclude Include="D:\ogs\GeoLib\AnalyticalGeometry.h">
      <Filter>GeoLib</Filter>
    </ClInclude>
    <ClInclude Include="D:\ogs\GeoLib\ClosestPair.h">
      <Filter>GeoLib</Filter>
    </ClInclude>
    <ClInclude Include="D:\ogs\GeoLib\EarClippingTriangulation.h">
      <Filter>GeoLib</Filter>
    </ClInclude>
    <ClInclude Include="D:\ogs\GeoLib\GeoDomain.h">
      <Filter>GeoLib</Filter>
    </ClInclude>
    <ClInclude Include="D:\ogs\GeoLib\GeoObject.h">
      <Filter>GeoLib</Filter>
    </ClInclude>
    <ClInclude Include="D:\ogs\GeoLib\GEOObjects.h">
      <Filter>GeoLib</Filter>
    </ClInclude>
    <ClInclude Include="D:\ogs\GeoLib\GeoType.h">
      <Filter>GeoLib</Filter>
    </ClInclude>
    <ClInclude Include="D:\ogs\GeoLib\Grid.h">
      <Filter>GeoLib</Filter>
    </ClInclude>
    <ClInclude Include="D:\ogs\GeoLib\LineSegment.h">
      <Filter>GeoLib</Filter>
    </ClInclude>
    <ClInclude Include="D:\ogs\GeoLib\MinimalBoundingSphere.h">
      <Filter>GeoLib</Filter>
    </ClInclude>
    <ClInclude Include="D:\ogs\GeoLib\OctTree-impl.h">
      <Filter>GeoLib</Filter>
    </ClInclude>
    <ClInclude Include="D:\ogs\GeoLib\OctTree.h">
      <Filter>GeoLib</Filter>
    </ClInclude>
    <ClInclude Include="D:\ogs\GeoLib\Point.h">
      <Filter>GeoLib</Filter>
    </ClInclude>
    <ClInclude Include="D:\ogs\GeoLib\PointVec.h">
      <Filter>GeoLib</Filter>
    </ClInclude>
    <ClInclude Include="D:\ogs\GeoLib\Polygon.h">
      <Filter>GeoLib</Filter>
    </ClInclude>
    <ClInclude Include="D:\ogs\GeoLib\Polyline.h">
      <Filter>GeoLib</Filter>
    </ClInclude>
    <ClInclude Include="D:\ogs\GeoLib\PolylineVec.h">
      <Filter>GeoLib</Filter>
    </ClInclude>
    <ClInclude Include="D:\ogs\GeoLib\PolylineWithSegmentMarker.h">
      <Filter>GeoLib</Filter>
    </ClInclude>
    <ClInclude Include="D:\ogs\GeoLib\QuadTree.h">
      <Filter>GeoLib</Filter>
    </ClInclude>
    <ClInclude Include="D:\ogs\GeoLib\Raster.h">
      <Filter>GeoLib</Filter>
    </ClInclude>
    <ClInclude Include="D:\ogs\GeoLib\SensorData.h">
      <Filter>GeoLib</Filter>
    </ClInclude>
    <ClInclude Include="D:\ogs\GeoLib\SimplePolygonTree.h">
      <Filter>GeoLib</Filter>
    </ClInclude>
    <ClInclude Include="D:\ogs\GeoLib\Station.h">
      <Filter>GeoLib</Filter>
    </ClInclude>
    <ClInclude Include="D:\ogs\GeoLib\StationBorehole.h">
      <Filter>GeoLib</Filter>
    </ClInclude>
    <ClInclude Include="D:\ogs\GeoLib\Surface.h">
      <Filter>GeoLib</Filter>
    </ClInclude>
    <ClInclude Include="D:\ogs\GeoLib\SurfaceGrid.h">
      <Filter>GeoLib</Filter>
    </ClInclude>
    <ClInclude Include="D:\ogs\GeoLib\SurfaceVec.h">
      <Filter>GeoLib</Filter>
    </ClInclude>
    <ClInclude Include="D:\ogs\GeoLib\TemplateVec.h">
      <Filter>GeoLib</Filter>
    </ClInclude>
    <ClInclude Include="D:\ogs\GeoLib\Triangle.h">
      <Filter>GeoLib</Filter>
    </ClInclude>
  </ItemGroup>
  <ItemGroup>
    <CustomBuild Include="D:\ogs\GeoLib\CMakeLists.txt" />
  </ItemGroup>
  <ItemGroup>
    <Filter Include="Source Files">
      <UniqueIdentifier>{459161DB-6E77-3F26-990F-4243C72DA12C}</UniqueIdentifier>
    </Filter>
    <Filter Include="GeoLib">
      <UniqueIdentifier>{D0D19DD9-2832-3596-AFEF-4D7FE6510A67}</UniqueIdentifier>
    </Filter>
  </ItemGroup>
</Project>
