<?xml version="1.0" encoding="UTF-8"?>
<Project ToolsVersion="14.0" xmlns="http://schemas.microsoft.com/developer/msbuild/2003">
  <ItemGroup>
    <ClCompile Include="D:\ogs\MathLib\MathTools.cpp">
      <Filter>MathLib</Filter>
    </ClCompile>
    <ClCompile Include="D:\ogs\MathLib\InterpolationAlgorithms\PiecewiseLinearInterpolation.cpp">
      <Filter>MathLib\InterpolationAlgorithms</Filter>
    </ClCompile>
    <ClCompile Include="D:\ogs\MathLib\Integration\GaussLegendre.cpp">
      <Filter>MathLib\Integration</Filter>
    </ClCompile>
    <ClCompile Include="D:\ogs\MathLib\Integration\GaussLegendrePyramid.cpp">
      <Filter>MathLib\Integration</Filter>
    </ClCompile>
    <ClCompile Include="D:\ogs\MathLib\Integration\GaussLegendreTet.cpp">
      <Filter>MathLib\Integration</Filter>
    </ClCompile>
    <ClCompile Include="D:\ogs\MathLib\Integration\GaussLegendreTri.cpp">
      <Filter>MathLib\Integration</Filter>
    </ClCompile>
    <ClCompile Include="D:\ogs\MathLib\LinAlg\BLAS.cpp">
      <Filter>MathLib\LinAlg</Filter>
    </ClCompile>
    <ClCompile Include="D:\ogs\MathLib\LinAlg\GlobalMatrixProviders.cpp">
      <Filter>MathLib\LinAlg</Filter>
    </ClCompile>
    <ClCompile Include="D:\ogs\MathLib\LinAlg\LinAlgEnums.cpp">
      <Filter>MathLib\LinAlg</Filter>
    </ClCompile>
    <ClCompile Include="D:\ogs\MathLib\LinAlg\LinearSolver.cpp">
      <Filter>MathLib\LinAlg</Filter>
    </ClCompile>
    <ClCompile Include="D:\ogs\MathLib\LinAlg\LinearSolverOptions.cpp">
      <Filter>MathLib\LinAlg</Filter>
    </ClCompile>
    <ClCompile Include="D:\ogs\MathLib\LinAlg\MatrixVectorTraits.cpp">
      <Filter>MathLib\LinAlg</Filter>
    </ClCompile>
    <ClCompile Include="D:\ogs\MathLib\LinAlg\UnifiedMatrixSetters.cpp">
      <Filter>MathLib\LinAlg</Filter>
    </ClCompile>
    <ClCompile Include="D:\ogs\MathLib\LinAlg\Dense\DenseTools.cpp">
      <Filter>MathLib\LinAlg\Dense</Filter>
    </ClCompile>
    <ClCompile Include="D:\ogs\MathLib\LinAlg\Sparse\amuxCRS.cpp">
      <Filter>MathLib\LinAlg\Sparse</Filter>
    </ClCompile>
    <ClCompile Include="D:\ogs\MathLib\LinAlg\Sparse\MatrixSparsityPattern.cpp">
      <Filter>MathLib\LinAlg\Sparse</Filter>
    </ClCompile>
    <ClCompile Include="D:\ogs\MathLib\LinAlg\Solvers\BiCGStab.cpp">
      <Filter>MathLib\LinAlg\Solvers</Filter>
    </ClCompile>
    <ClCompile Include="D:\ogs\MathLib\LinAlg\Solvers\CG.cpp">
      <Filter>MathLib\LinAlg\Solvers</Filter>
    </ClCompile>
    <ClCompile Include="D:\ogs\MathLib\LinAlg\Solvers\CGParallel.cpp">
      <Filter>MathLib\LinAlg\Solvers</Filter>
    </ClCompile>
    <ClCompile Include="D:\ogs\MathLib\LinAlg\Solvers\GMRes.cpp">
      <Filter>MathLib\LinAlg\Solvers</Filter>
    </ClCompile>
    <ClCompile Include="D:\ogs\MathLib\LinAlg\Preconditioner\generateDiagPrecond.cpp">
      <Filter>MathLib\LinAlg\Preconditioner</Filter>
    </ClCompile>
    <ClCompile Include="D:\ogs\MathLib\LinAlg\Eigen\EigenLinearSolver.cpp">
      <Filter>MathLib\LinAlg\Eigen</Filter>
    </ClCompile>
    <ClCompile Include="D:\ogs\MathLib\LinAlg\Eigen\EigenOption.cpp">
      <Filter>MathLib\LinAlg\Eigen</Filter>
    </ClCompile>
    <ClCompile Include="D:\ogs\MathLib\LinAlg\Eigen\EigenTools.cpp">
      <Filter>MathLib\LinAlg\Eigen</Filter>
    </ClCompile>
    <ClCompile Include="D:\ogs\MathLib\Nonlinear\Picard.cpp">
      <Filter>MathLib\Nonlinear</Filter>
    </ClCompile>
  </ItemGroup>
  <ItemGroup>
    <ClInclude Include="D:\ogs\MathLib\ConstantFunction.h">
      <Filter>MathLib</Filter>
    </ClInclude>
    <ClInclude Include="D:\ogs\MathLib\LinearFunction.h">
      <Filter>MathLib</Filter>
    </ClInclude>
    <ClInclude Include="D:\ogs\MathLib\MathTools.h">
      <Filter>MathLib</Filter>
    </ClInclude>
    <ClInclude Include="D:\ogs\MathLib\Point3d.h">
      <Filter>MathLib</Filter>
    </ClInclude>
    <ClInclude Include="D:\ogs\MathLib\Point3dWithID.h">
      <Filter>MathLib</Filter>
    </ClInclude>
    <ClInclude Include="D:\ogs\MathLib\TemplatePoint.h">
      <Filter>MathLib</Filter>
    </ClInclude>
    <ClInclude Include="D:\ogs\MathLib\TemplateWeightedPoint.h">
      <Filter>MathLib</Filter>
    </ClInclude>
    <ClInclude Include="D:\ogs\MathLib\Vector3.h">
      <Filter>MathLib</Filter>
    </ClInclude>
    <ClInclude Include="D:\ogs\MathLib\vector_io.h">
      <Filter>MathLib</Filter>
    </ClInclude>
    <ClInclude Include="D:\ogs\MathLib\InterpolationAlgorithms\LinearIntervalInterpolation.h">
      <Filter>MathLib\InterpolationAlgorithms</Filter>
    </ClInclude>
    <ClInclude Include="D:\ogs\MathLib\InterpolationAlgorithms\PiecewiseLinearInterpolation.h">
      <Filter>MathLib\InterpolationAlgorithms</Filter>
    </ClInclude>
    <ClInclude Include="D:\ogs\MathLib\Integration\GaussLegendre.h">
      <Filter>MathLib\Integration</Filter>
    </ClInclude>
    <ClInclude Include="D:\ogs\MathLib\Integration\GaussLegendrePyramid.h">
      <Filter>MathLib\Integration</Filter>
    </ClInclude>
    <ClInclude Include="D:\ogs\MathLib\Integration\GaussLegendreTet.h">
      <Filter>MathLib\Integration</Filter>
    </ClInclude>
    <ClInclude Include="D:\ogs\MathLib\Integration\GaussLegendreTri.h">
      <Filter>MathLib\Integration</Filter>
    </ClInclude>
    <ClInclude Include="D:\ogs\MathLib\Integration\WeightedSum.h">
      <Filter>MathLib\Integration</Filter>
    </ClInclude>
    <ClInclude Include="D:\ogs\MathLib\LinAlg\ApplyKnownSolution.h">
      <Filter>MathLib\LinAlg</Filter>
    </ClInclude>
    <ClInclude Include="D:\ogs\MathLib\LinAlg\BLAS.h">
      <Filter>MathLib\LinAlg</Filter>
    </ClInclude>
    <ClInclude Include="D:\ogs\MathLib\LinAlg\FinalizeMatrixAssembly.h">
      <Filter>MathLib\LinAlg</Filter>
    </ClInclude>
    <ClInclude Include="D:\ogs\MathLib\LinAlg\FinalizeVectorAssembly.h">
      <Filter>MathLib\LinAlg</Filter>
    </ClInclude>
    <ClInclude Include="D:\ogs\MathLib\LinAlg\GlobalMatrixProviders.h">
      <Filter>MathLib\LinAlg</Filter>
    </ClInclude>
    <ClInclude Include="D:\ogs\MathLib\LinAlg\LinAlgEnums.h">
      <Filter>MathLib\LinAlg</Filter>
    </ClInclude>
    <ClInclude Include="D:\ogs\MathLib\LinAlg\LinearSolver.h">
      <Filter>MathLib\LinAlg</Filter>
    </ClInclude>
    <ClInclude Include="D:\ogs\MathLib\LinAlg\LinearSolverOptions.h">
      <Filter>MathLib\LinAlg</Filter>
    </ClInclude>
    <ClInclude Include="D:\ogs\MathLib\LinAlg\MatrixProviderUser.h">
      <Filter>MathLib\LinAlg</Filter>
    </ClInclude>
    <ClInclude Include="D:\ogs\MathLib\LinAlg\MatrixTools.h">
      <Filter>MathLib\LinAlg</Filter>
    </ClInclude>
    <ClInclude Include="D:\ogs\MathLib\LinAlg\MatrixVectorTraits.h">
      <Filter>MathLib\LinAlg</Filter>
    </ClInclude>
    <ClInclude Include="D:\ogs\MathLib\LinAlg\RowColumnIndices.h">
      <Filter>MathLib\LinAlg</Filter>
    </ClInclude>
    <ClInclude Include="D:\ogs\MathLib\LinAlg\SetMatrixSparsity.h">
      <Filter>MathLib\LinAlg</Filter>
    </ClInclude>
    <ClInclude Include="D:\ogs\MathLib\LinAlg\SimpleMatrixVectorProvider-impl.h">
      <Filter>MathLib\LinAlg</Filter>
    </ClInclude>
    <ClInclude Include="D:\ogs\MathLib\LinAlg\SimpleMatrixVectorProvider.h">
      <Filter>MathLib\LinAlg</Filter>
    </ClInclude>
    <ClInclude Include="D:\ogs\MathLib\LinAlg\UnifiedMatrixSetters.h">
      <Filter>MathLib\LinAlg</Filter>
    </ClInclude>
    <ClInclude Include="D:\ogs\MathLib\LinAlg\VectorNorms.h">
      <Filter>MathLib\LinAlg</Filter>
    </ClInclude>
    <ClInclude Include="D:\ogs\MathLib\LinAlg\Dense\DenseMatrix-impl.h">
      <Filter>MathLib\LinAlg\Dense</Filter>
    </ClInclude>
    <ClInclude Include="D:\ogs\MathLib\LinAlg\Dense\DenseMatrix.h">
      <Filter>MathLib\LinAlg\Dense</Filter>
    </ClInclude>
    <ClInclude Include="D:\ogs\MathLib\LinAlg\Dense\DenseTools.h">
      <Filter>MathLib\LinAlg\Dense</Filter>
    </ClInclude>
    <ClInclude Include="D:\ogs\MathLib\LinAlg\Dense\DenseVector.h">
      <Filter>MathLib\LinAlg\Dense</Filter>
    </ClInclude>
    <ClInclude Include="D:\ogs\MathLib\LinAlg\Dense\GlobalDenseMatrix-impl.h">
      <Filter>MathLib\LinAlg\Dense</Filter>
    </ClInclude>
    <ClInclude Include="D:\ogs\MathLib\LinAlg\Dense\GlobalDenseMatrix.h">
      <Filter>MathLib\LinAlg\Dense</Filter>
    </ClInclude>
    <ClInclude Include="D:\ogs\MathLib\LinAlg\Sparse\amuxCRS.h">
      <Filter>MathLib\LinAlg\Sparse</Filter>
    </ClInclude>
    <ClInclude Include="D:\ogs\MathLib\LinAlg\Sparse\CRSMatrix.h">
      <Filter>MathLib\LinAlg\Sparse</Filter>
    </ClInclude>
    <ClInclude Include="D:\ogs\MathLib\LinAlg\Sparse\CRSMatrixDiagPrecond.h">
      <Filter>MathLib\LinAlg\Sparse</Filter>
    </ClInclude>
    <ClInclude Include="D:\ogs\MathLib\LinAlg\Sparse\CRSMatrixOpenMP.h">
      <Filter>MathLib\LinAlg\Sparse</Filter>
    </ClInclude>
    <ClInclude Include="D:\ogs\MathLib\LinAlg\Sparse\CRSMatrixPThreads.h">
      <Filter>MathLib\LinAlg\Sparse</Filter>
    </ClInclude>
    <ClInclude Include="D:\ogs\MathLib\LinAlg\Sparse\CRSSymMatrix.h">
      <Filter>MathLib\LinAlg\Sparse</Filter>
    </ClInclude>
    <ClInclude Include="D:\ogs\MathLib\LinAlg\Sparse\CRSTools-impl.h">
      <Filter>MathLib\LinAlg\Sparse</Filter>
    </ClInclude>
    <ClInclude Include="D:\ogs\MathLib\LinAlg\Sparse\CRSTools.h">
      <Filter>MathLib\LinAlg\Sparse</Filter>
    </ClInclude>
    <ClInclude Include="D:\ogs\MathLib\LinAlg\Sparse\CRSTranspose.h">
      <Filter>MathLib\LinAlg\Sparse</Filter>
    </ClInclude>
    <ClInclude Include="D:\ogs\MathLib\LinAlg\Sparse\MatrixSparsityPattern.h">
      <Filter>MathLib\LinAlg\Sparse</Filter>
    </ClInclude>
    <ClInclude Include="D:\ogs\MathLib\LinAlg\Sparse\sparse.h">
      <Filter>MathLib\LinAlg\Sparse</Filter>
    </ClInclude>
    <ClInclude Include="D:\ogs\MathLib\LinAlg\Sparse\SparseMatrixBase.h">
      <Filter>MathLib\LinAlg\Sparse</Filter>
    </ClInclude>
    <ClInclude Include="D:\ogs\MathLib\LinAlg\Sparse\Sparsity.h">
      <Filter>MathLib\LinAlg\Sparse</Filter>
    </ClInclude>
    <ClInclude Include="D:\ogs\MathLib\LinAlg\Solvers\BiCGStab.h">
      <Filter>MathLib\LinAlg\Solvers</Filter>
    </ClInclude>
    <ClInclude Include="D:\ogs\MathLib\LinAlg\Solvers\blas.h">
      <Filter>MathLib\LinAlg\Solvers</Filter>
    </ClInclude>
    <ClInclude Include="D:\ogs\MathLib\LinAlg\Solvers\CG.h">
      <Filter>MathLib\LinAlg\Solvers</Filter>
    </ClInclude>
    <ClInclude Include="D:\ogs\MathLib\LinAlg\Solvers\GaussAlgorithm-impl.h">
      <Filter>MathLib\LinAlg\Solvers</Filter>
    </ClInclude>
    <ClInclude Include="D:\ogs\MathLib\LinAlg\Solvers\GaussAlgorithm.h">
      <Filter>MathLib\LinAlg\Solvers</Filter>
    </ClInclude>
    <ClInclude Include="D:\ogs\MathLib\LinAlg\Solvers\GMRes.h">
      <Filter>MathLib\LinAlg\Solvers</Filter>
    </ClInclude>
    <ClInclude Include="D:\ogs\MathLib\LinAlg\Solvers\IterativeLinearSolver.h">
      <Filter>MathLib\LinAlg\Solvers</Filter>
    </ClInclude>
    <ClInclude Include="D:\ogs\MathLib\LinAlg\Solvers\solver.h">
      <Filter>MathLib\LinAlg\Solvers</Filter>
    </ClInclude>
    <ClInclude Include="D:\ogs\MathLib\LinAlg\Solvers\TriangularSolve-impl.h">
      <Filter>MathLib\LinAlg\Solvers</Filter>
    </ClInclude>
    <ClInclude Include="D:\ogs\MathLib\LinAlg\Solvers\TriangularSolve.h">
      <Filter>MathLib\LinAlg\Solvers</Filter>
    </ClInclude>
    <ClInclude Include="D:\ogs\MathLib\LinAlg\Preconditioner\generateDiagPrecond.h">
      <Filter>MathLib\LinAlg\Preconditioner</Filter>
    </ClInclude>
    <ClInclude Include="D:\ogs\MathLib\LinAlg\Eigen\EigenLinearSolver.h">
      <Filter>MathLib\LinAlg\Eigen</Filter>
    </ClInclude>
    <ClInclude Include="D:\ogs\MathLib\LinAlg\Eigen\EigenMatrix.h">
      <Filter>MathLib\LinAlg\Eigen</Filter>
    </ClInclude>
    <ClInclude Include="D:\ogs\MathLib\LinAlg\Eigen\EigenOption.h">
      <Filter>MathLib\LinAlg\Eigen</Filter>
    </ClInclude>
    <ClInclude Include="D:\ogs\MathLib\LinAlg\Eigen\EigenTools.h">
      <Filter>MathLib\LinAlg\Eigen</Filter>
    </ClInclude>
    <ClInclude Include="D:\ogs\MathLib\LinAlg\Eigen\EigenVector.h">
      <Filter>MathLib\LinAlg\Eigen</Filter>
    </ClInclude>
    <ClInclude Include="D:\ogs\MathLib\Nonlinear\NewtonRaphson-impl.h">
      <Filter>MathLib\Nonlinear</Filter>
    </ClInclude>
    <ClInclude Include="D:\ogs\MathLib\Nonlinear\NewtonRaphson.h">
      <Filter>MathLib\Nonlinear</Filter>
    </ClInclude>
    <ClInclude Include="D:\ogs\MathLib\Nonlinear\Picard-impl.h">
      <Filter>MathLib\Nonlinear</Filter>
    </ClInclude>
    <ClInclude Include="D:\ogs\MathLib\Nonlinear\Picard.h">
      <Filter>MathLib\Nonlinear</Filter>
    </ClInclude>
  </ItemGroup>
  <ItemGroup>
    <CustomBuild Include="D:\ogs\MathLib\CMakeLists.txt" />
  </ItemGroup>
  <ItemGroup>
    <Filter Include="MathLib\InterpolationAlgorithms">
      <UniqueIdentifier>{A2A9BBA1-74C3-3E91-9A33-9E6C04745518}</UniqueIdentifier>
    </Filter>
    <Filter Include="MathLib\Integration">
      <UniqueIdentifier>{77AFDE7F-907B-3D34-9B27-513C6C3AD1CC}</UniqueIdentifier>
    </Filter>
    <Filter Include="MathLib\LinAlg">
      <UniqueIdentifier>{1ACCBE00-082C-3D14-9865-7BFBC8BD5840}</UniqueIdentifier>
    </Filter>
    <Filter Include="MathLib\Nonlinear">
      <UniqueIdentifier>{387E3498-18F4-3028-9FFF-6D15778CF6F4}</UniqueIdentifier>
    </Filter>
    <Filter Include="MathLib\LinAlg\Dense">
      <UniqueIdentifier>{9B15FFE3-E0DE-3D39-AD12-B6C1AFC1F591}</UniqueIdentifier>
    </Filter>
    <Filter Include="MathLib\LinAlg\Sparse">
      <UniqueIdentifier>{04DD80C8-FA8E-325C-A20C-3A5197094425}</UniqueIdentifier>
    </Filter>
    <Filter Include="MathLib\LinAlg\Solvers">
      <UniqueIdentifier>{95FF7E0B-B884-338E-BD6C-A8A739F68634}</UniqueIdentifier>
    </Filter>
    <Filter Include="MathLib\LinAlg\Preconditioner">
      <UniqueIdentifier>{E51BB059-11BD-33C0-8FCF-732971548427}</UniqueIdentifier>
    </Filter>
    <Filter Include="MathLib\LinAlg\Eigen">
      <UniqueIdentifier>{B59A4556-39E4-3A73-96BC-7A5AF851F0B8}</UniqueIdentifier>
    </Filter>
    <Filter Include="MathLib">
      <UniqueIdentifier>{0DB52088-7212-3E89-91EB-7C9AF97BD2A0}</UniqueIdentifier>
    </Filter>
  </ItemGroup>
</Project>
