<?xml version="1.0" encoding="UTF-8"?>
<Project ToolsVersion="14.0" xmlns="http://schemas.microsoft.com/developer/msbuild/2003">
  <ItemGroup>
    <ClCompile Include="D:\ogs\Tests\testrunner.cpp">
      <Filter>Tests\.</Filter>
    </ClCompile>
    <ClCompile Include="D:\ogs\Tests\TestTools.cpp">
      <Filter>Tests\.</Filter>
    </ClCompile>
    <ClCompile Include="D:\ogs\Tests\ApplicationsLib\TestProjectData.cpp">
      <Filter>Tests\ApplicationsLib</Filter>
    </ClCompile>
    <ClCompile Include="D:\ogs\Tests\AssemblerLib\LocalToGlobalIndexMap.cpp">
      <Filter>Tests\AssemblerLib</Filter>
    </ClCompile>
    <ClCompile Include="D:\ogs\Tests\AssemblerLib\LocalToGlobalIndexMapMultiComponent.cpp">
      <Filter>Tests\AssemblerLib</Filter>
    </ClCompile>
    <ClCompile Include="D:\ogs\Tests\AssemblerLib\TestMeshComponentMap.cpp">
      <Filter>Tests\AssemblerLib</Filter>
    </ClCompile>
    <ClCompile Include="D:\ogs\Tests\AssemblerLib\TestSerialExecutor.cpp">
      <Filter>Tests\AssemblerLib</Filter>
    </ClCompile>
    <ClCompile Include="D:\ogs\Tests\AssemblerLib\TestSerialLinearSolver.cpp">
      <Filter>Tests\AssemblerLib</Filter>
    </ClCompile>
    <ClCompile Include="D:\ogs\Tests\AssemblerLib\TestVectorMatrixBuilder.cpp">
      <Filter>Tests\AssemblerLib</Filter>
    </ClCompile>
    <ClCompile Include="D:\ogs\Tests\BaseLib\excludeObjectCopy.cpp">
      <Filter>Tests\BaseLib</Filter>
    </ClCompile>
    <ClCompile Include="D:\ogs\Tests\BaseLib\TestConfigTree.cpp">
      <Filter>Tests\BaseLib</Filter>
    </ClCompile>
    <ClCompile Include="D:\ogs\Tests\BaseLib\TestFilePathStringManipulation.cpp">
      <Filter>Tests\BaseLib</Filter>
    </ClCompile>
    <ClCompile Include="D:\ogs\Tests\BaseLib\TestQuicksort.cpp">
      <Filter>Tests\BaseLib</Filter>
    </ClCompile>
    <ClCompile Include="D:\ogs\Tests\BaseLib\TestSwap.cpp">
      <Filter>Tests\BaseLib</Filter>
    </ClCompile>
    <ClCompile Include="D:\ogs\Tests\BaseLib\TestSystemTools.cpp">
      <Filter>Tests\BaseLib</Filter>
    </ClCompile>
    <ClCompile Include="D:\ogs\Tests\FileIO\TestBoostGmlInterface.cpp">
      <Filter>Tests\FileIO</Filter>
    </ClCompile>
    <ClCompile Include="D:\ogs\Tests\FileIO\TestCsvReader.cpp">
      <Filter>Tests\FileIO</Filter>
    </ClCompile>
    <ClCompile Include="D:\ogs\Tests\FileIO\TestGLIReader.cpp">
      <Filter>Tests\FileIO</Filter>
    </ClCompile>
    <ClCompile Include="D:\ogs\Tests\FileIO\TestGmsInterface.cpp">
      <Filter>Tests\FileIO</Filter>
    </ClCompile>
    <ClCompile Include="D:\ogs\Tests\FileIO\TestTetGenInterface.cpp">
      <Filter>Tests\FileIO</Filter>
    </ClCompile>
    <ClCompile Include="D:\ogs\Tests\GeoLib\TestAABB.cpp">
      <Filter>Tests\GeoLib</Filter>
    </ClCompile>
    <ClCompile Include="D:\ogs\Tests\GeoLib\TestBoundingSphere.cpp">
      <Filter>Tests\GeoLib</Filter>
    </ClCompile>
    <ClCompile Include="D:\ogs\Tests\GeoLib\TestComputeAndInsertAllIntersectionPoints.cpp">
      <Filter>Tests\GeoLib</Filter>
    </ClCompile>
    <ClCompile Include="D:\ogs\Tests\GeoLib\TestComputeRotationMatrix.cpp">
      <Filter>Tests\GeoLib</Filter>
    </ClCompile>
    <ClCompile Include="D:\ogs\Tests\GeoLib\TestDividedByPlane.cpp">
      <Filter>Tests\GeoLib</Filter>
    </ClCompile>
    <ClCompile Include="D:\ogs\Tests\GeoLib\TestGEOObjectsMerge.cpp">
      <Filter>Tests\GeoLib</Filter>
    </ClCompile>
    <ClCompile Include="D:\ogs\Tests\GeoLib\TestGrid.cpp">
      <Filter>Tests\GeoLib</Filter>
    </ClCompile>
    <ClCompile Include="D:\ogs\Tests\GeoLib\TestIsPointInTriangle.cpp">
      <Filter>Tests\GeoLib</Filter>
    </ClCompile>
    <ClCompile Include="D:\ogs\Tests\GeoLib\TestLineSegmentIntersect.cpp">
      <Filter>Tests\GeoLib</Filter>
    </ClCompile>
    <ClCompile Include="D:\ogs\Tests\GeoLib\TestLineSegmentIntersect2d.cpp">
      <Filter>Tests\GeoLib</Filter>
    </ClCompile>
    <ClCompile Include="D:\ogs\Tests\GeoLib\TestOctTree.cpp">
      <Filter>Tests\GeoLib</Filter>
    </ClCompile>
    <ClCompile Include="D:\ogs\Tests\GeoLib\TestParallel.cpp">
      <Filter>Tests\GeoLib</Filter>
    </ClCompile>
    <ClCompile Include="D:\ogs\Tests\GeoLib\TestPointsOnAPlane.cpp">
      <Filter>Tests\GeoLib</Filter>
    </ClCompile>
    <ClCompile Include="D:\ogs\Tests\GeoLib\TestPointVec.cpp">
      <Filter>Tests\GeoLib</Filter>
    </ClCompile>
    <ClCompile Include="D:\ogs\Tests\GeoLib\TestPolygon.cpp">
      <Filter>Tests\GeoLib</Filter>
    </ClCompile>
    <ClCompile Include="D:\ogs\Tests\GeoLib\TestPolyline.cpp">
      <Filter>Tests\GeoLib</Filter>
    </ClCompile>
    <ClCompile Include="D:\ogs\Tests\GeoLib\TestSimplePolygonTree.cpp">
      <Filter>Tests\GeoLib</Filter>
    </ClCompile>
    <ClCompile Include="D:\ogs\Tests\GeoLib\TestSurfaceIsPointInSurface.cpp">
      <Filter>Tests\GeoLib</Filter>
    </ClCompile>
    <ClCompile Include="D:\ogs\Tests\InSituLib\TestVtkMappedMeshSource.cpp">
      <Filter>Tests\InSituLib</Filter>
    </ClCompile>
    <ClCompile Include="D:\ogs\Tests\InSituLib\TestVtkMappedPropertyVector.cpp">
      <Filter>Tests\InSituLib</Filter>
    </ClCompile>
    <ClCompile Include="D:\ogs\Tests\InSituLib\TestVtkMeshNodalCoordinatesTemplate.cpp">
      <Filter>Tests\InSituLib</Filter>
    </ClCompile>
    <ClCompile Include="D:\ogs\Tests\MathLib\TestDenseGaussAlgorithm.cpp">
      <Filter>Tests\MathLib</Filter>
    </ClCompile>
    <ClCompile Include="D:\ogs\Tests\MathLib\TestDenseMatrix.cpp">
      <Filter>Tests\MathLib</Filter>
    </ClCompile>
    <ClCompile Include="D:\ogs\Tests\MathLib\TestEigenCSR.cpp">
      <Filter>Tests\MathLib</Filter>
    </ClCompile>
    <ClCompile Include="D:\ogs\Tests\MathLib\TestGlobalDenseMatrix.cpp">
      <Filter>Tests\MathLib</Filter>
    </ClCompile>
    <ClCompile Include="D:\ogs\Tests\MathLib\TestGlobalMatrixInterface.cpp">
      <Filter>Tests\MathLib</Filter>
    </ClCompile>
    <ClCompile Include="D:\ogs\Tests\MathLib\TestGlobalVectorInterface.cpp">
      <Filter>Tests\MathLib</Filter>
    </ClCompile>
    <ClCompile Include="D:\ogs\Tests\MathLib\TestIntegration.cpp">
      <Filter>Tests\MathLib</Filter>
    </ClCompile>
    <ClCompile Include="D:\ogs\Tests\MathLib\TestLinearSolver.cpp">
      <Filter>Tests\MathLib</Filter>
    </ClCompile>
    <ClCompile Include="D:\ogs\Tests\MathLib\TestLocalMatrixFunctions.cpp">
      <Filter>Tests\MathLib</Filter>
    </ClCompile>
    <ClCompile Include="D:\ogs\Tests\MathLib\TestMatrixAssemblyTemplate.cpp">
      <Filter>Tests\MathLib</Filter>
    </ClCompile>
    <ClCompile Include="D:\ogs\Tests\MathLib\TestNonlinearNewton.cpp">
      <Filter>Tests\MathLib</Filter>
    </ClCompile>
    <ClCompile Include="D:\ogs\Tests\MathLib\TestNonlinearPicard.cpp">
      <Filter>Tests\MathLib</Filter>
    </ClCompile>
    <ClCompile Include="D:\ogs\Tests\MathLib\TestPiecewiseLinearInterpolation.cpp">
      <Filter>Tests\MathLib</Filter>
    </ClCompile>
    <ClCompile Include="D:\ogs\Tests\MathLib\TestPoint3d.cpp">
      <Filter>Tests\MathLib</Filter>
    </ClCompile>
    <ClCompile Include="D:\ogs\Tests\MathLib\TestPoint3dWithID.cpp">
      <Filter>Tests\MathLib</Filter>
    </ClCompile>
    <ClCompile Include="D:\ogs\Tests\MathLib\TestTemplatePoint.cpp">
      <Filter>Tests\MathLib</Filter>
    </ClCompile>
    <ClCompile Include="D:\ogs\Tests\MathLib\TestVector3.cpp">
      <Filter>Tests\MathLib</Filter>
    </ClCompile>
    <ClCompile Include="D:\ogs\Tests\MathLib\TestWeightedPoint.cpp">
      <Filter>Tests\MathLib</Filter>
    </ClCompile>
    <ClCompile Include="D:\ogs\Tests\MeshLib\MeshProperties.cpp">
      <Filter>Tests\MeshLib</Filter>
    </ClCompile>
    <ClCompile Include="D:\ogs\Tests\MeshLib\MeshSubsets.cpp">
      <Filter>Tests\MeshLib</Filter>
    </ClCompile>
    <ClCompile Include="D:\ogs\Tests\MeshLib\TestAddLayerToMesh.cpp">
      <Filter>Tests\MeshLib</Filter>
    </ClCompile>
    <ClCompile Include="D:\ogs\Tests\MeshLib\TestBoundaryElementSearch.cpp">
      <Filter>Tests\MeshLib</Filter>
    </ClCompile>
    <ClCompile Include="D:\ogs\Tests\MeshLib\TestCoordinatesMappingLocal.cpp">
      <Filter>Tests\MeshLib</Filter>
    </ClCompile>
    <ClCompile Include="D:\ogs\Tests\MeshLib\TestDuplicate.cpp">
      <Filter>Tests\MeshLib</Filter>
    </ClCompile>
    <ClCompile Include="D:\ogs\Tests\MeshLib\TestElementConstants.cpp">
      <Filter>Tests\MeshLib</Filter>
    </ClCompile>
    <ClCompile Include="D:\ogs\Tests\MeshLib\TestElementStatus.cpp">
      <Filter>Tests\MeshLib</Filter>
    </ClCompile>
    <ClCompile Include="D:\ogs\Tests\MeshLib\TestFlipElements.cpp">
      <Filter>Tests\MeshLib</Filter>
    </ClCompile>
    <ClCompile Include="D:\ogs\Tests\MeshLib\TestLineMesh.cpp">
      <Filter>Tests\MeshLib</Filter>
    </ClCompile>
    <ClCompile Include="D:\ogs\Tests\MeshLib\TestMeshGenerator.cpp">
      <Filter>Tests\MeshLib</Filter>
    </ClCompile>
    <ClCompile Include="D:\ogs\Tests\MeshLib\TestMeshNodeSearch.cpp">
      <Filter>Tests\MeshLib</Filter>
    </ClCompile>
    <ClCompile Include="D:\ogs\Tests\MeshLib\TestMeshRevision.cpp">
      <Filter>Tests\MeshLib</Filter>
    </ClCompile>
    <ClCompile Include="D:\ogs\Tests\MeshLib\TestMeshValidation.cpp">
      <Filter>Tests\MeshLib</Filter>
    </ClCompile>
    <ClCompile Include="D:\ogs\Tests\MeshLib\TestMoveMeshNodes.cpp">
      <Filter>Tests\MeshLib</Filter>
    </ClCompile>
    <ClCompile Include="D:\ogs\Tests\MeshLib\TestNodeAdjacencyTable.cpp">
      <Filter>Tests\MeshLib</Filter>
    </ClCompile>
    <ClCompile Include="D:\ogs\Tests\MeshLib\TestNodeSearch.cpp">
      <Filter>Tests\MeshLib</Filter>
    </ClCompile>
    <ClCompile Include="D:\ogs\Tests\MeshLib\TestPntInElement.cpp">
      <Filter>Tests\MeshLib</Filter>
    </ClCompile>
    <ClCompile Include="D:\ogs\Tests\MeshLib\TestProjectMeshOnPlane.cpp">
      <Filter>Tests\MeshLib</Filter>
    </ClCompile>
    <ClCompile Include="D:\ogs\Tests\MeshLib\TestQuadMesh.cpp">
      <Filter>Tests\MeshLib</Filter>
    </ClCompile>
    <ClCompile Include="D:\ogs\Tests\MeshLib\TestRemove.cpp">
      <Filter>Tests\MeshLib</Filter>
    </ClCompile>
    <ClCompile Include="D:\ogs\Tests\MeshLib\TestTriLineMesh.cpp">
      <Filter>Tests\MeshLib</Filter>
    </ClCompile>
    <ClCompile Include="D:\ogs\Tests\MeshLib\TestUniqueMeshId.cpp">
      <Filter>Tests\MeshLib</Filter>
    </ClCompile>
    <ClCompile Include="D:\ogs\Tests\MeshLib\TestVtkMeshConverter.cpp">
      <Filter>Tests\MeshLib</Filter>
    </ClCompile>
    <ClCompile Include="D:\ogs\Tests\MeshGeoToolsLib\TestGeoMapper.cpp">
      <Filter>Tests\MeshGeoToolsLib</Filter>
    </ClCompile>
    <ClCompile Include="D:\ogs\Tests\NumLib\TestCoordinatesMapping.cpp">
      <Filter>Tests\NumLib</Filter>
    </ClCompile>
    <ClCompile Include="D:\ogs\Tests\NumLib\TestDistribution.cpp">
      <Filter>Tests\NumLib</Filter>
    </ClCompile>
    <ClCompile Include="D:\ogs\Tests\NumLib\TestFe.cpp">
      <Filter>Tests\NumLib</Filter>
    </ClCompile>
    <ClCompile Include="D:\ogs\Tests\NumLib\TestFemIntegration.cpp">
      <Filter>Tests\NumLib</Filter>
    </ClCompile>
    <ClCompile Include="D:\ogs\Tests\NumLib\TestFunctionInterpolation.cpp">
      <Filter>Tests\NumLib</Filter>
    </ClCompile>
    <ClCompile Include="D:\ogs\Tests\NumLib\TestODEInt.cpp">
      <Filter>Tests\NumLib</Filter>
    </ClCompile>
    <ClCompile Include="D:\ogs\Tests\NumLib\TestShapeFunctions.cpp">
      <Filter>Tests\NumLib</Filter>
    </ClCompile>
    <ClCompile Include="D:\ogs\Tests\NumLib\TestShapeMatrices.cpp">
      <Filter>Tests\NumLib</Filter>
    </ClCompile>
    <ClCompile Include="D:\ogs\Tests\NumLib\TestSpatialFunction.cpp">
      <Filter>Tests\NumLib</Filter>
    </ClCompile>
    <ClCompile Include="D:\ogs\Tests\NumLib\TestTimeStep.cpp">
      <Filter>Tests\NumLib</Filter>
    </ClCompile>
    <ClCompile Include="D:\ogs\Tests\NumLib\TestTimeSteppingFixed.cpp">
      <Filter>Tests\NumLib</Filter>
    </ClCompile>
    <ClCompile Include="D:\ogs\Tests\NumLib\TestTimeSteppingIterationNumber.cpp">
      <Filter>Tests\NumLib</Filter>
    </ClCompile>
  </ItemGroup>
  <ItemGroup>
    <ClInclude Include="D:\ogs\Tests\TestTools.h">
      <Filter>Tests\.</Filter>
    </ClInclude>
    <ClInclude Include="D:\ogs\Tests\AssemblerLib\SteadyDiffusion2DExample1.h">
      <Filter>Tests\AssemblerLib</Filter>
    </ClInclude>
    <ClInclude Include="D:\ogs\Tests\FileIO\TestGmlInterface.h">
      <Filter>Tests\FileIO</Filter>
    </ClInclude>
    <ClInclude Include="D:\ogs\Tests\GeoLib\AutoCheckGenerators.h">
      <Filter>Tests\GeoLib</Filter>
    </ClInclude>
    <ClInclude Include="D:\ogs\Tests\MathLib\AutoCheckTools.h">
      <Filter>Tests\MathLib</Filter>
    </ClInclude>
    <ClInclude Include="D:\ogs\Tests\NumLib\ODEs.h">
      <Filter>Tests\NumLib</Filter>
    </ClInclude>
    <ClInclude Include="D:\ogs\Tests\NumLib\TimeSteppingTestingTools.h">
      <Filter>Tests\NumLib</Filter>
    </ClInclude>
  </ItemGroup>
  <ItemGroup>
    <CustomBuild Include="D:\ogs\Tests\CMakeLists.txt" />
  </ItemGroup>
  <ItemGroup>
    <Filter Include="Tests">
      <UniqueIdentifier>{8A9055B1-3802-3806-B464-EBE73E6CD43F}</UniqueIdentifier>
    </Filter>
    <Filter Include="Tests\.">
      <UniqueIdentifier>{E47A40B7-3E5A-3F02-94CE-1722BFFCC2E4}</UniqueIdentifier>
    </Filter>
    <Filter Include="Tests\ApplicationsLib">
      <UniqueIdentifier>{309B645C-B3BC-314F-861F-7D9555B5BC9E}</UniqueIdentifier>
    </Filter>
    <Filter Include="Tests\AssemblerLib">
      <UniqueIdentifier>{79A97B80-B60F-3016-BB81-5BFE3CFC5502}</UniqueIdentifier>
    </Filter>
    <Filter Include="Tests\BaseLib">
      <UniqueIdentifier>{3D7FDC14-CFC7-334B-AC4F-604D3204681F}</UniqueIdentifier>
    </Filter>
    <Filter Include="Tests\FileIO">
      <UniqueIdentifier>{F35BD278-5288-3453-901D-3628BEBEBCDC}</UniqueIdentifier>
    </Filter>
    <Filter Include="Tests\GeoLib">
      <UniqueIdentifier>{4342AB86-5398-3F72-A9BB-EF755973E90E}</UniqueIdentifier>
    </Filter>
    <Filter Include="Tests\InSituLib">
      <UniqueIdentifier>{5D0236FD-8984-34AF-B857-145C8046767D}</UniqueIdentifier>
    </Filter>
    <Filter Include="Tests\MathLib">
      <UniqueIdentifier>{FE27D511-C369-3B55-9298-CA269A373E09}</UniqueIdentifier>
    </Filter>
    <Filter Include="Tests\MeshLib">
      <UniqueIdentifier>{DBFBAFEC-947C-36F7-928B-C0D32A99A346}</UniqueIdentifier>
    </Filter>
    <Filter Include="Tests\MeshGeoToolsLib">
      <UniqueIdentifier>{6696FA0B-30CB-3358-9D49-D9217A34D610}</UniqueIdentifier>
    </Filter>
    <Filter Include="Tests\NumLib">
      <UniqueIdentifier>{FDD1455D-BD76-3189-849E-D018E90C5C00}</UniqueIdentifier>
    </Filter>
  </ItemGroup>
</Project>
