<?xml version="1.0" encoding="UTF-8"?>
<Project ToolsVersion="14.0" xmlns="http://schemas.microsoft.com/developer/msbuild/2003">
  <ItemGroup>
    <ClCompile Include="D:\ogs\FileIO\AsciiRasterInterface.cpp">
      <Filter>Source Files</Filter>
    </ClCompile>
    <ClCompile Include="D:\ogs\FileIO\CsvInterface.cpp">
      <Filter>Source Files</Filter>
    </ClCompile>
    <ClCompile Include="D:\ogs\FileIO\GMSInterface.cpp">
      <Filter>Source Files</Filter>
    </ClCompile>
    <ClCompile Include="D:\ogs\FileIO\GMSHInterface.cpp">
      <Filter>Source Files</Filter>
    </ClCompile>
    <ClCompile Include="D:\ogs\FileIO\PetrelInterface.cpp">
      <Filter>Source Files</Filter>
    </ClCompile>
    <ClCompile Include="D:\ogs\FileIO\readGeometryFromFile.cpp">
      <Filter>Source Files</Filter>
    </ClCompile>
    <ClCompile Include="D:\ogs\FileIO\readMeshFromFile.cpp">
      <Filter>Source Files</Filter>
    </ClCompile>
    <ClCompile Include="D:\ogs\FileIO\writeGeometryToFile.cpp">
      <Filter>Source Files</Filter>
    </ClCompile>
    <ClCompile Include="D:\ogs\FileIO\SHPInterface.cpp">
      <Filter>Source Files</Filter>
    </ClCompile>
    <ClCompile Include="D:\ogs\FileIO\TetGenInterface.cpp">
      <Filter>Source Files</Filter>
    </ClCompile>
    <ClCompile Include="D:\ogs\FileIO\TINInterface.cpp">
      <Filter>Source Files</Filter>
    </ClCompile>
    <ClCompile Include="D:\ogs\FileIO\Writer.cpp">
      <Filter>Source Files</Filter>
    </ClCompile>
    <ClCompile Include="D:\ogs\FileIO\writeMeshToFile.cpp">
      <Filter>Source Files</Filter>
    </ClCompile>
    <ClCompile Include="D:\ogs\FileIO\Legacy\MeshIO.cpp">
      <Filter>FileIO\Legacy</Filter>
    </ClCompile>
    <ClCompile Include="D:\ogs\FileIO\Legacy\OGSIOVer4.cpp">
      <Filter>FileIO\Legacy</Filter>
    </ClCompile>
    <ClCompile Include="D:\ogs\FileIO\GmshIO\GMSHAdaptiveMeshDensity.cpp">
      <Filter>FileIO\GmshIO</Filter>
    </ClCompile>
    <ClCompile Include="D:\ogs\FileIO\GmshIO\GMSHFixedMeshDensity.cpp">
      <Filter>FileIO\GmshIO</Filter>
    </ClCompile>
    <ClCompile Include="D:\ogs\FileIO\GmshIO\GMSHLine.cpp">
      <Filter>FileIO\GmshIO</Filter>
    </ClCompile>
    <ClCompile Include="D:\ogs\FileIO\GmshIO\GMSHLineLoop.cpp">
      <Filter>FileIO\GmshIO</Filter>
    </ClCompile>
    <ClCompile Include="D:\ogs\FileIO\GmshIO\GMSHPoint.cpp">
      <Filter>FileIO\GmshIO</Filter>
    </ClCompile>
    <ClCompile Include="D:\ogs\FileIO\GmshIO\GMSHPolygonTree.cpp">
      <Filter>FileIO\GmshIO</Filter>
    </ClCompile>
    <ClCompile Include="D:\ogs\FileIO\RapidXmlIO\RapidStnInterface.cpp">
      <Filter>FileIO\RapidXmlIO</Filter>
    </ClCompile>
    <ClCompile Include="D:\ogs\FileIO\VtkIO\PVDFile.cpp">
      <Filter>FileIO\VtkIO</Filter>
    </ClCompile>
    <ClCompile Include="D:\ogs\FileIO\VtkIO\VtuInterface.cpp">
      <Filter>FileIO\VtkIO</Filter>
    </ClCompile>
    <ClCompile Include="D:\ogs\FileIO\XmlIO\XMLInterface.cpp">
      <Filter>FileIO\XmlIO</Filter>
    </ClCompile>
    <ClCompile Include="D:\ogs\FileIO\XmlIO\Boost\BoostXmlGmlInterface.cpp">
      <Filter>FileIO\XmlIO\Boost</Filter>
    </ClCompile>
  </ItemGroup>
  <ItemGroup>
    <ClInclude Include="D:\ogs\FileIO\AsciiRasterInterface.h">
      <Filter>Header Files</Filter>
    </ClInclude>
    <ClInclude Include="D:\ogs\FileIO\CsvInterface.h">
      <Filter>Header Files</Filter>
    </ClInclude>
    <ClInclude Include="D:\ogs\FileIO\GMSInterface.h">
      <Filter>Header Files</Filter>
    </ClInclude>
    <ClInclude Include="D:\ogs\FileIO\GMSHInterface.h">
      <Filter>Header Files</Filter>
    </ClInclude>
    <ClInclude Include="D:\ogs\FileIO\PetrelInterface.h">
      <Filter>Header Files</Filter>
    </ClInclude>
    <ClInclude Include="D:\ogs\FileIO\readGeometryFromFile.h">
      <Filter>Header Files</Filter>
    </ClInclude>
    <ClInclude Include="D:\ogs\FileIO\readMeshFromFile.h">
      <Filter>Header Files</Filter>
    </ClInclude>
    <ClInclude Include="D:\ogs\FileIO\writeGeometryToFile.h">
      <Filter>Header Files</Filter>
    </ClInclude>
    <ClInclude Include="D:\ogs\FileIO\SHPInterface.h">
      <Filter>Header Files</Filter>
    </ClInclude>
    <ClInclude Include="D:\ogs\FileIO\TetGenInterface.h">
      <Filter>Header Files</Filter>
    </ClInclude>
    <ClInclude Include="D:\ogs\FileIO\TINInterface.h">
      <Filter>Header Files</Filter>
    </ClInclude>
    <ClInclude Include="D:\ogs\FileIO\Writer.h">
      <Filter>Header Files</Filter>
    </ClInclude>
    <ClInclude Include="D:\ogs\FileIO\writeMeshToFile.h">
      <Filter>Header Files</Filter>
    </ClInclude>
    <ClInclude Include="D:\ogs\FileIO\Legacy\MeshIO.h">
      <Filter>FileIO\Legacy</Filter>
    </ClInclude>
    <ClInclude Include="D:\ogs\FileIO\Legacy\OGSIOVer4.h">
      <Filter>FileIO\Legacy</Filter>
    </ClInclude>
    <ClInclude Include="D:\ogs\FileIO\GmshIO\GMSHAdaptiveMeshDensity.h">
      <Filter>FileIO\GmshIO</Filter>
    </ClInclude>
    <ClInclude Include="D:\ogs\FileIO\GmshIO\GMSHFixedMeshDensity.h">
      <Filter>FileIO\GmshIO</Filter>
    </ClInclude>
    <ClInclude Include="D:\ogs\FileIO\GmshIO\GMSHLine.h">
      <Filter>FileIO\GmshIO</Filter>
    </ClInclude>
    <ClInclude Include="D:\ogs\FileIO\GmshIO\GMSHLineLoop.h">
      <Filter>FileIO\GmshIO</Filter>
    </ClInclude>
    <ClInclude Include="D:\ogs\FileIO\GmshIO\GMSHMeshDensityStrategy.h">
      <Filter>FileIO\GmshIO</Filter>
    </ClInclude>
    <ClInclude Include="D:\ogs\FileIO\GmshIO\GMSHPoint.h">
      <Filter>FileIO\GmshIO</Filter>
    </ClInclude>
    <ClInclude Include="D:\ogs\FileIO\GmshIO\GMSHPolygonTree.h">
      <Filter>FileIO\GmshIO</Filter>
    </ClInclude>
    <ClInclude Include="D:\ogs\FileIO\RapidXmlIO\RapidStnInterface.h">
      <Filter>FileIO\RapidXmlIO</Filter>
    </ClInclude>
    <ClInclude Include="D:\ogs\FileIO\VtkIO\PVDFile.h">
      <Filter>FileIO\VtkIO</Filter>
    </ClInclude>
    <ClInclude Include="D:\ogs\FileIO\VtkIO\VtuInterface-impl.h">
      <Filter>FileIO\VtkIO</Filter>
    </ClInclude>
    <ClInclude Include="D:\ogs\FileIO\VtkIO\VtuInterface.h">
      <Filter>FileIO\VtkIO</Filter>
    </ClInclude>
    <ClInclude Include="D:\ogs\FileIO\XmlIO\XMLInterface.h">
      <Filter>FileIO\XmlIO</Filter>
    </ClInclude>
    <ClInclude Include="D:\ogs\FileIO\XmlIO\Boost\BoostXmlGmlInterface.h">
      <Filter>FileIO\XmlIO\Boost</Filter>
    </ClInclude>
  </ItemGroup>
  <ItemGroup>
    <CustomBuild Include="D:\ogs\FileIO\CMakeLists.txt" />
  </ItemGroup>
  <ItemGroup>
    <Filter Include="FileIO\Legacy">
      <UniqueIdentifier>{32545B1B-E173-3683-86BB-4B6F4463BEE6}</UniqueIdentifier>
    </Filter>
    <Filter Include="FileIO\GmshIO">
      <UniqueIdentifier>{54ACED5A-B79E-39FE-A5E9-9115C97399C8}</UniqueIdentifier>
    </Filter>
    <Filter Include="FileIO\RapidXmlIO">
      <UniqueIdentifier>{68FEF521-7DF0-3703-8872-9DB5E3ED4CAF}</UniqueIdentifier>
    </Filter>
    <Filter Include="FileIO\VtkIO">
      <UniqueIdentifier>{8D6B0E33-B67E-3146-9237-BF3F592CE42C}</UniqueIdentifier>
    </Filter>
    <Filter Include="FileIO\XmlIO">
      <UniqueIdentifier>{0CC3D6BB-E254-3018-A1CF-9B647FFE9275}</UniqueIdentifier>
    </Filter>
    <Filter Include="FileIO\XmlIO\Boost">
      <UniqueIdentifier>{421F9023-43A0-3DB2-BFE8-D8B5ECC477EE}</UniqueIdentifier>
    </Filter>
    <Filter Include="Source Files">
      <UniqueIdentifier>{459161DB-6E77-3F26-990F-4243C72DA12C}</UniqueIdentifier>
    </Filter>
    <Filter Include="Header Files">
      <UniqueIdentifier>{93C817EE-88D8-3FDA-8CDF-EEFF629B3710}</UniqueIdentifier>
    </Filter>
    <Filter Include="FileIO">
      <UniqueIdentifier>{45D2DF71-7C66-3CF3-996C-28D9A9AA756D}</UniqueIdentifier>
    </Filter>
  </ItemGroup>
</Project>
