<?xml version="1.0" encoding="UTF-8"?>
<Project ToolsVersion="14.0" xmlns="http://schemas.microsoft.com/developer/msbuild/2003">
  <ItemGroup>
    <ClCompile Include="D:\ogs\InSituLib\VtkMappedMesh.cpp">
      <Filter>Source Files</Filter>
    </ClCompile>
    <ClCompile Include="D:\ogs\InSituLib\VtkMappedMeshSource.cpp">
      <Filter>Source Files</Filter>
    </ClCompile>
  </ItemGroup>
  <ItemGroup>
    <ClInclude Include="D:\ogs\InSituLib\VtkMappedMesh.h">
      <Filter>Header Files</Filter>
    </ClInclude>
    <ClInclude Include="D:\ogs\InSituLib\VtkMappedMeshSource.h">
      <Filter>Header Files</Filter>
    </ClInclude>
    <ClInclude Include="D:\ogs\InSituLib\VtkMappedPropertyVectorTemplate.h">
      <Filter>Header Files</Filter>
    </ClInclude>
    <ClInclude Include="D:\ogs\InSituLib\VtkMappedPropertyVectorTemplate-impl.h">
      <Filter>Header Files</Filter>
    </ClInclude>
    <ClInclude Include="D:\ogs\InSituLib\VtkMeshNodalCoordinatesTemplate.h">
      <Filter>Header Files</Filter>
    </ClInclude>
    <ClInclude Include="D:\ogs\InSituLib\VtkMeshNodalCoordinatesTemplate-impl.h">
      <Filter>Header Files</Filter>
    </ClInclude>
  </ItemGroup>
  <ItemGroup>
    <CustomBuild Include="D:\ogs\InSituLib\CMakeLists.txt" />
  </ItemGroup>
  <ItemGroup>
    <Filter Include="Source Files">
      <UniqueIdentifier>{459161DB-6E77-3F26-990F-4243C72DA12C}</UniqueIdentifier>
    </Filter>
    <Filter Include="Header Files">
      <UniqueIdentifier>{93C817EE-88D8-3FDA-8CDF-EEFF629B3710}</UniqueIdentifier>
    </Filter>
  </ItemGroup>
</Project>
