Microsoft Visual Studio Solution File, Format Version 12.00
# Visual Studio 14
Project("{8BC9CEB8-8B4A-11D0-8D11-00A0C91BC942}") = "ALL_BUILD", "ALL_BUILD.vcxproj", "{9CCC8158-A9FE-32C9-B555-2BDA9B8B803C}"
	ProjectSection(ProjectDependencies) = postProject
		{F20354A3-63AE-3BBA-B5B2-CEB8D5BFBCB5} = {F20354A3-63AE-3BBA-B5B2-CEB8D5BFBCB5}
		{CE45D287-7A73-37E9-8004-C6DF5F5CB4D9} = {CE45D287-7A73-37E9-8004-C6DF5F5CB4D9}
		{959B1D37-E7E8-310A-BAB2-61DCC21D2E40} = {959B1D37-E7E8-310A-BAB2-61DCC21D2E40}
		{5EDBED25-1A0A-31A1-8653-643247264E77} = {5EDBED25-1A0A-31A1-8653-643247264E77}
		{1F761FE4-461F-360E-8002-323E242389A5} = {1F761FE4-461F-360E-8002-323E242389A5}
		{C9E3429E-3E70-3FF0-BC48-02346BD5EDD7} = {C9E3429E-3E70-3FF0-BC48-02346BD5EDD7}
		{BB395743-6D80-384A-A88D-9974E914033A} = {BB395743-6D80-384A-A88D-9974E914033A}
		{1800EA49-D28F-3AD5-A934-AE950E18B098} = {1800EA49-D28F-3AD5-A934-AE950E18B098}
		{71C471A8-43EA-3AB8-B629-92C846FF085D} = {71C471A8-43EA-3AB8-B629-92C846FF085D}
		{0E600943-50E5-3510-BA4A-35EAF145238B} = {0E600943-50E5-3510-BA4A-35EAF145238B}
		{4FC55CC6-70E5-3270-9A0F-EEEFF01977E8} = {4FC55CC6-70E5-3270-9A0F-EEEFF01977E8}
		{8A418D36-C1B6-3CD3-A848-DE51DFBE1408} = {8A418D36-C1B6-3CD3-A848-DE51DFBE1408}
		{17C1B964-DA56-3A55-AC01-D3F121E31953} = {17C1B964-DA56-3A55-AC01-D3F121E31953}
		{A99770EA-422C-333F-A2F1-07D70B2A9289} = {A99770EA-422C-333F-A2F1-07D70B2A9289}
		{243B9041-7855-3EF2-B5BC-50FAA21C11A2} = {243B9041-7855-3EF2-B5BC-50FAA21C11A2}
		{3FBBBCE7-E73C-3449-BA30-1232CA04B234} = {3FBBBCE7-E73C-3449-BA30-1232CA04B234}
		{22B5701C-CBD3-318E-916D-70EFFFE6D7FC} = {22B5701C-CBD3-318E-916D-70EFFFE6D7FC}
		{8C127EAD-293C-34D5-9BE6-93F117AA912C} = {8C127EAD-293C-34D5-9BE6-93F117AA912C}
		{7062F4C9-5C3A-3AF0-AAA6-66908A178FAA} = {7062F4C9-5C3A-3AF0-AAA6-66908A178FAA}
		{6F2A547F-B512-36E1-A58D-274A0B78B74A} = {6F2A547F-B512-36E1-A58D-274A0B78B74A}
		{7FD20B1A-DA61-3A84-B56C-D4E1C7C315C8} = {7FD20B1A-DA61-3A84-B56C-D4E1C7C315C8}
		{F5BECC9D-9345-3BA8-ACD8-D997577C7B87} = {F5BECC9D-9345-3BA8-ACD8-D997577C7B87}
		{E8AF9813-B9CA-316C-8B0D-4B50AEA466DE} = {E8AF9813-B9CA-316C-8B0D-4B50AEA466DE}
		{A046C5D2-403D-393A-A340-EB79AA26719E} = {A046C5D2-403D-393A-A340-EB79AA26719E}
		{3ACCF736-F93A-37DD-BC3D-72D5EE7EBCE4} = {3ACCF736-F93A-37DD-BC3D-72D5EE7EBCE4}
		{469C2A8D-F682-33DE-9F61-BC98413C2722} = {469C2A8D-F682-33DE-9F61-BC98413C2722}
	EndProjectSection
EndProject
Project("{8BC9CEB8-8B4A-11D0-8D11-00A0C91BC942}") = "ApplicationsLib", "Applications\ApplicationsLib\ApplicationsLib.vcxproj", "{F20354A3-63AE-3BBA-B5B2-CEB8D5BFBCB5}"
	ProjectSection(ProjectDependencies) = postProject
		{5EDBED25-1A0A-31A1-8653-643247264E77} = {5EDBED25-1A0A-31A1-8653-643247264E77}
		{A5F91258-E1BE-3A84-9733-4AD13998853A} = {A5F91258-E1BE-3A84-9733-4AD13998853A}
		{5D314217-4B27-38AC-925F-9EB30DDEF460} = {5D314217-4B27-38AC-925F-9EB30DDEF460}
	EndProjectSection
EndProject
Project("{8BC9CEB8-8B4A-11D0-8D11-00A0C91BC942}") = "AssemblerLib", "AssemblerLib\AssemblerLib.vcxproj", "{CE45D287-7A73-37E9-8004-C6DF5F5CB4D9}"
	ProjectSection(ProjectDependencies) = postProject
		{5EDBED25-1A0A-31A1-8653-643247264E77} = {5EDBED25-1A0A-31A1-8653-643247264E77}
		{5D314217-4B27-38AC-925F-9EB30DDEF460} = {5D314217-4B27-38AC-925F-9EB30DDEF460}
	EndProjectSection
EndProject
Project("{8BC9CEB8-8B4A-11D0-8D11-00A0C91BC942}") = "BaseLib", "BaseLib\BaseLib.vcxproj", "{959B1D37-E7E8-310A-BAB2-61DCC21D2E40}"
	ProjectSection(ProjectDependencies) = postProject
		{5EDBED25-1A0A-31A1-8653-643247264E77} = {5EDBED25-1A0A-31A1-8653-643247264E77}
		{5D314217-4B27-38AC-925F-9EB30DDEF460} = {5D314217-4B27-38AC-925F-9EB30DDEF460}
	EndProjectSection
EndProject
Project("{8BC9CEB8-8B4A-11D0-8D11-00A0C91BC942}") = "Boost", "Boost.vcxproj", "{5EDBED25-1A0A-31A1-8653-643247264E77}"
	ProjectSection(ProjectDependencies) = postProject
		{5D314217-4B27-38AC-925F-9EB30DDEF460} = {5D314217-4B27-38AC-925F-9EB30DDEF460}
	EndProjectSection
EndProject
Project("{8BC9CEB8-8B4A-11D0-8D11-00A0C91BC942}") = "Continuous", "ThirdParty\logog\Continuous.vcxproj", "{1524277A-22FF-3289-9282-A260D6FC27C2}"
	ProjectSection(ProjectDependencies) = postProject
		{5D314217-4B27-38AC-925F-9EB30DDEF460} = {5D314217-4B27-38AC-925F-9EB30DDEF460}
	EndProjectSection
EndProject
Project("{8BC9CEB8-8B4A-11D0-8D11-00A0C91BC942}") = "DenseGaussEliminationChecker", "SimpleTests\MatrixTests\DenseGaussEliminationChecker.vcxproj", "{1F761FE4-461F-360E-8002-323E242389A5}"
	ProjectSection(ProjectDependencies) = postProject
		{959B1D37-E7E8-310A-BAB2-61DCC21D2E40} = {959B1D37-E7E8-310A-BAB2-61DCC21D2E40}
		{1800EA49-D28F-3AD5-A934-AE950E18B098} = {1800EA49-D28F-3AD5-A934-AE950E18B098}
		{8A418D36-C1B6-3CD3-A848-DE51DFBE1408} = {8A418D36-C1B6-3CD3-A848-DE51DFBE1408}
		{5D314217-4B27-38AC-925F-9EB30DDEF460} = {5D314217-4B27-38AC-925F-9EB30DDEF460}
		{7062F4C9-5C3A-3AF0-AAA6-66908A178FAA} = {7062F4C9-5C3A-3AF0-AAA6-66908A178FAA}
	EndProjectSection
EndProject
Project("{8BC9CEB8-8B4A-11D0-8D11-00A0C91BC942}") = "Experimental", "ThirdParty\logog\Experimental.vcxproj", "{A90AF360-B3E3-38BD-855E-3F2531C2670E}"
	ProjectSection(ProjectDependencies) = postProject
		{5D314217-4B27-38AC-925F-9EB30DDEF460} = {5D314217-4B27-38AC-925F-9EB30DDEF460}
	EndProjectSection
EndProject
Project("{8BC9CEB8-8B4A-11D0-8D11-00A0C91BC942}") = "FileIO", "FileIO\FileIO.vcxproj", "{C9E3429E-3E70-3FF0-BC48-02346BD5EDD7}"
	ProjectSection(ProjectDependencies) = postProject
		{5EDBED25-1A0A-31A1-8653-643247264E77} = {5EDBED25-1A0A-31A1-8653-643247264E77}
		{A5F91258-E1BE-3A84-9733-4AD13998853A} = {A5F91258-E1BE-3A84-9733-4AD13998853A}
		{5D314217-4B27-38AC-925F-9EB30DDEF460} = {5D314217-4B27-38AC-925F-9EB30DDEF460}
	EndProjectSection
EndProject
Project("{8BC9CEB8-8B4A-11D0-8D11-00A0C91BC942}") = "GTest", "ThirdParty\gtest\GTest.vcxproj", "{BB395743-6D80-384A-A88D-9974E914033A}"
	ProjectSection(ProjectDependencies) = postProject
		{5D314217-4B27-38AC-925F-9EB30DDEF460} = {5D314217-4B27-38AC-925F-9EB30DDEF460}
	EndProjectSection
EndProject
Project("{8BC9CEB8-8B4A-11D0-8D11-00A0C91BC942}") = "GeoLib", "GeoLib\GeoLib.vcxproj", "{1800EA49-D28F-3AD5-A934-AE950E18B098}"
	ProjectSection(ProjectDependencies) = postProject
		{5EDBED25-1A0A-31A1-8653-643247264E77} = {5EDBED25-1A0A-31A1-8653-643247264E77}
		{5D314217-4B27-38AC-925F-9EB30DDEF460} = {5D314217-4B27-38AC-925F-9EB30DDEF460}
	EndProjectSection
EndProject
Project("{8BC9CEB8-8B4A-11D0-8D11-00A0C91BC942}") = "INSTALL", "INSTALL.vcxproj", "{5D2B3F62-CC40-37CC-9D57-1B31FEEEC733}"
	ProjectSection(ProjectDependencies) = postProject
		{9CCC8158-A9FE-32C9-B555-2BDA9B8B803C} = {9CCC8158-A9FE-32C9-B555-2BDA9B8B803C}
	EndProjectSection
EndProject
Project("{8BC9CEB8-8B4A-11D0-8D11-00A0C91BC942}") = "InSituLib", "InSituLib\InSituLib.vcxproj", "{71C471A8-43EA-3AB8-B629-92C846FF085D}"
	ProjectSection(ProjectDependencies) = postProject
		{5EDBED25-1A0A-31A1-8653-643247264E77} = {5EDBED25-1A0A-31A1-8653-643247264E77}
		{A5F91258-E1BE-3A84-9733-4AD13998853A} = {A5F91258-E1BE-3A84-9733-4AD13998853A}
		{5D314217-4B27-38AC-925F-9EB30DDEF460} = {5D314217-4B27-38AC-925F-9EB30DDEF460}
	EndProjectSection
EndProject
Project("{8BC9CEB8-8B4A-11D0-8D11-00A0C91BC942}") = "MatMult", "SimpleTests\MatrixTests\MatMult.vcxproj", "{0E600943-50E5-3510-BA4A-35EAF145238B}"
	ProjectSection(ProjectDependencies) = postProject
		{959B1D37-E7E8-310A-BAB2-61DCC21D2E40} = {959B1D37-E7E8-310A-BAB2-61DCC21D2E40}
		{1800EA49-D28F-3AD5-A934-AE950E18B098} = {1800EA49-D28F-3AD5-A934-AE950E18B098}
		{8A418D36-C1B6-3CD3-A848-DE51DFBE1408} = {8A418D36-C1B6-3CD3-A848-DE51DFBE1408}
		{5D314217-4B27-38AC-925F-9EB30DDEF460} = {5D314217-4B27-38AC-925F-9EB30DDEF460}
		{7062F4C9-5C3A-3AF0-AAA6-66908A178FAA} = {7062F4C9-5C3A-3AF0-AAA6-66908A178FAA}
	EndProjectSection
EndProject
Project("{8BC9CEB8-8B4A-11D0-8D11-00A0C91BC942}") = "MatTestRemoveRowsCols", "SimpleTests\MatrixTests\MatTestRemoveRowsCols.vcxproj", "{4FC55CC6-70E5-3270-9A0F-EEEFF01977E8}"
	ProjectSection(ProjectDependencies) = postProject
		{959B1D37-E7E8-310A-BAB2-61DCC21D2E40} = {959B1D37-E7E8-310A-BAB2-61DCC21D2E40}
		{1800EA49-D28F-3AD5-A934-AE950E18B098} = {1800EA49-D28F-3AD5-A934-AE950E18B098}
		{8A418D36-C1B6-3CD3-A848-DE51DFBE1408} = {8A418D36-C1B6-3CD3-A848-DE51DFBE1408}
		{5D314217-4B27-38AC-925F-9EB30DDEF460} = {5D314217-4B27-38AC-925F-9EB30DDEF460}
		{7062F4C9-5C3A-3AF0-AAA6-66908A178FAA} = {7062F4C9-5C3A-3AF0-AAA6-66908A178FAA}
	EndProjectSection
EndProject
Project("{8BC9CEB8-8B4A-11D0-8D11-00A0C91BC942}") = "MathLib", "MathLib\MathLib.vcxproj", "{8A418D36-C1B6-3CD3-A848-DE51DFBE1408}"
	ProjectSection(ProjectDependencies) = postProject
		{5EDBED25-1A0A-31A1-8653-643247264E77} = {5EDBED25-1A0A-31A1-8653-643247264E77}
		{5D314217-4B27-38AC-925F-9EB30DDEF460} = {5D314217-4B27-38AC-925F-9EB30DDEF460}
	EndProjectSection
EndProject
Project("{8BC9CEB8-8B4A-11D0-8D11-00A0C91BC942}") = "MeshGeoToolsLib", "MeshGeoToolsLib\MeshGeoToolsLib.vcxproj", "{17C1B964-DA56-3A55-AC01-D3F121E31953}"
	ProjectSection(ProjectDependencies) = postProject
		{5EDBED25-1A0A-31A1-8653-643247264E77} = {5EDBED25-1A0A-31A1-8653-643247264E77}
		{5D314217-4B27-38AC-925F-9EB30DDEF460} = {5D314217-4B27-38AC-925F-9EB30DDEF460}
	EndProjectSection
EndProject
Project("{8BC9CEB8-8B4A-11D0-8D11-00A0C91BC942}") = "MeshLib", "MeshLib\MeshLib.vcxproj", "{A99770EA-422C-333F-A2F1-07D70B2A9289}"
	ProjectSection(ProjectDependencies) = postProject
		{5EDBED25-1A0A-31A1-8653-643247264E77} = {5EDBED25-1A0A-31A1-8653-643247264E77}
		{A5F91258-E1BE-3A84-9733-4AD13998853A} = {A5F91258-E1BE-3A84-9733-4AD13998853A}
		{5D314217-4B27-38AC-925F-9EB30DDEF460} = {5D314217-4B27-38AC-925F-9EB30DDEF460}
	EndProjectSection
EndProject
Project("{8BC9CEB8-8B4A-11D0-8D11-00A0C91BC942}") = "MeshRead", "SimpleTests\MeshTests\MeshRead.vcxproj", "{243B9041-7855-3EF2-B5BC-50FAA21C11A2}"
	ProjectSection(ProjectDependencies) = postProject
		{959B1D37-E7E8-310A-BAB2-61DCC21D2E40} = {959B1D37-E7E8-310A-BAB2-61DCC21D2E40}
		{C9E3429E-3E70-3FF0-BC48-02346BD5EDD7} = {C9E3429E-3E70-3FF0-BC48-02346BD5EDD7}
		{1800EA49-D28F-3AD5-A934-AE950E18B098} = {1800EA49-D28F-3AD5-A934-AE950E18B098}
		{71C471A8-43EA-3AB8-B629-92C846FF085D} = {71C471A8-43EA-3AB8-B629-92C846FF085D}
		{8A418D36-C1B6-3CD3-A848-DE51DFBE1408} = {8A418D36-C1B6-3CD3-A848-DE51DFBE1408}
		{A99770EA-422C-333F-A2F1-07D70B2A9289} = {A99770EA-422C-333F-A2F1-07D70B2A9289}
		{5D314217-4B27-38AC-925F-9EB30DDEF460} = {5D314217-4B27-38AC-925F-9EB30DDEF460}
		{7062F4C9-5C3A-3AF0-AAA6-66908A178FAA} = {7062F4C9-5C3A-3AF0-AAA6-66908A178FAA}
		{7FD20B1A-DA61-3A84-B56C-D4E1C7C315C8} = {7FD20B1A-DA61-3A84-B56C-D4E1C7C315C8}
	EndProjectSection
EndProject
Project("{8BC9CEB8-8B4A-11D0-8D11-00A0C91BC942}") = "MeshSearchTest", "SimpleTests\MeshTests\MeshSearchTest.vcxproj", "{3FBBBCE7-E73C-3449-BA30-1232CA04B234}"
	ProjectSection(ProjectDependencies) = postProject
		{959B1D37-E7E8-310A-BAB2-61DCC21D2E40} = {959B1D37-E7E8-310A-BAB2-61DCC21D2E40}
		{C9E3429E-3E70-3FF0-BC48-02346BD5EDD7} = {C9E3429E-3E70-3FF0-BC48-02346BD5EDD7}
		{1800EA49-D28F-3AD5-A934-AE950E18B098} = {1800EA49-D28F-3AD5-A934-AE950E18B098}
		{71C471A8-43EA-3AB8-B629-92C846FF085D} = {71C471A8-43EA-3AB8-B629-92C846FF085D}
		{8A418D36-C1B6-3CD3-A848-DE51DFBE1408} = {8A418D36-C1B6-3CD3-A848-DE51DFBE1408}
		{A99770EA-422C-333F-A2F1-07D70B2A9289} = {A99770EA-422C-333F-A2F1-07D70B2A9289}
		{5D314217-4B27-38AC-925F-9EB30DDEF460} = {5D314217-4B27-38AC-925F-9EB30DDEF460}
		{7062F4C9-5C3A-3AF0-AAA6-66908A178FAA} = {7062F4C9-5C3A-3AF0-AAA6-66908A178FAA}
		{7FD20B1A-DA61-3A84-B56C-D4E1C7C315C8} = {7FD20B1A-DA61-3A84-B56C-D4E1C7C315C8}
	EndProjectSection
EndProject
Project("{8BC9CEB8-8B4A-11D0-8D11-00A0C91BC942}") = "Nightly", "ThirdParty\logog\Nightly.vcxproj", "{4D3BBED5-B8C7-3AF2-B9B2-153A9E5A19F3}"
	ProjectSection(ProjectDependencies) = postProject
		{5D314217-4B27-38AC-925F-9EB30DDEF460} = {5D314217-4B27-38AC-925F-9EB30DDEF460}
	EndProjectSection
EndProject
Project("{8BC9CEB8-8B4A-11D0-8D11-00A0C91BC942}") = "NightlyMemoryCheck", "ThirdParty\logog\NightlyMemoryCheck.vcxproj", "{CE5F5F0E-D911-399F-B179-51E114318B59}"
	ProjectSection(ProjectDependencies) = postProject
		{5D314217-4B27-38AC-925F-9EB30DDEF460} = {5D314217-4B27-38AC-925F-9EB30DDEF460}
	EndProjectSection
EndProject
Project("{8BC9CEB8-8B4A-11D0-8D11-00A0C91BC942}") = "NumLib", "NumLib\NumLib.vcxproj", "{22B5701C-CBD3-318E-916D-70EFFFE6D7FC}"
	ProjectSection(ProjectDependencies) = postProject
		{5EDBED25-1A0A-31A1-8653-643247264E77} = {5EDBED25-1A0A-31A1-8653-643247264E77}
		{5D314217-4B27-38AC-925F-9EB30DDEF460} = {5D314217-4B27-38AC-925F-9EB30DDEF460}
	EndProjectSection
EndProject
Project("{8BC9CEB8-8B4A-11D0-8D11-00A0C91BC942}") = "PACKAGE", "PACKAGE.vcxproj", "{088599FC-417E-328C-AE69-D1BB6A22124C}"
	ProjectSection(ProjectDependencies) = postProject
		{9CCC8158-A9FE-32C9-B555-2BDA9B8B803C} = {9CCC8158-A9FE-32C9-B555-2BDA9B8B803C}
	EndProjectSection
EndProject
Project("{8BC9CEB8-8B4A-11D0-8D11-00A0C91BC942}") = "ProcessLib", "ProcessLib\ProcessLib.vcxproj", "{8C127EAD-293C-34D5-9BE6-93F117AA912C}"
	ProjectSection(ProjectDependencies) = postProject
		{5EDBED25-1A0A-31A1-8653-643247264E77} = {5EDBED25-1A0A-31A1-8653-643247264E77}
		{A5F91258-E1BE-3A84-9733-4AD13998853A} = {A5F91258-E1BE-3A84-9733-4AD13998853A}
		{5D314217-4B27-38AC-925F-9EB30DDEF460} = {5D314217-4B27-38AC-925F-9EB30DDEF460}
	EndProjectSection
EndProject
Project("{8BC9CEB8-8B4A-11D0-8D11-00A0C91BC942}") = "RUN_TESTS", "RUN_TESTS.vcxproj", "{06CBCA5E-C90E-3FFD-A7AE-BD096A8814FE}"
	ProjectSection(ProjectDependencies) = postProject
	EndProjectSection
EndProject
Project("{8BC9CEB8-8B4A-11D0-8D11-00A0C91BC942}") = "VtkRescan", "VtkRescan.vcxproj", "{A5F91258-E1BE-3A84-9733-4AD13998853A}"
	ProjectSection(ProjectDependencies) = postProject
		{5D314217-4B27-38AC-925F-9EB30DDEF460} = {5D314217-4B27-38AC-925F-9EB30DDEF460}
		{3ACCF736-F93A-37DD-BC3D-72D5EE7EBCE4} = {3ACCF736-F93A-37DD-BC3D-72D5EE7EBCE4}
	EndProjectSection
EndProject
Project("{8BC9CEB8-8B4A-11D0-8D11-00A0C91BC942}") = "ZERO_CHECK", "ZERO_CHECK.vcxproj", "{5D314217-4B27-38AC-925F-9EB30DDEF460}"
	ProjectSection(ProjectDependencies) = postProject
	EndProjectSection
EndProject
Project("{8BC9CEB8-8B4A-11D0-8D11-00A0C91BC942}") = "ctest", "ctest.vcxproj", "{67D487E4-C496-35C4-B47E-C56D1D7A7F17}"
	ProjectSection(ProjectDependencies) = postProject
		{5D314217-4B27-38AC-925F-9EB30DDEF460} = {5D314217-4B27-38AC-925F-9EB30DDEF460}
		{845D51E1-D6E7-3E59-8081-131EA5CB352B} = {845D51E1-D6E7-3E59-8081-131EA5CB352B}
		{6F2A547F-B512-36E1-A58D-274A0B78B74A} = {6F2A547F-B512-36E1-A58D-274A0B78B74A}
		{469C2A8D-F682-33DE-9F61-BC98413C2722} = {469C2A8D-F682-33DE-9F61-BC98413C2722}
	EndProjectSection
EndProject
Project("{8BC9CEB8-8B4A-11D0-8D11-00A0C91BC942}") = "ctest-cleanup", "ctest-cleanup.vcxproj", "{845D51E1-D6E7-3E59-8081-131EA5CB352B}"
	ProjectSection(ProjectDependencies) = postProject
		{5D314217-4B27-38AC-925F-9EB30DDEF460} = {5D314217-4B27-38AC-925F-9EB30DDEF460}
	EndProjectSection
EndProject
Project("{8BC9CEB8-8B4A-11D0-8D11-00A0C91BC942}") = "ctest-large", "ctest-large.vcxproj", "{C27346A0-BE16-3BEF-A5DB-EFDCEC66C188}"
	ProjectSection(ProjectDependencies) = postProject
		{5D314217-4B27-38AC-925F-9EB30DDEF460} = {5D314217-4B27-38AC-925F-9EB30DDEF460}
		{6E87A229-5C5B-3905-AB74-0940C8804748} = {6E87A229-5C5B-3905-AB74-0940C8804748}
		{6F2A547F-B512-36E1-A58D-274A0B78B74A} = {6F2A547F-B512-36E1-A58D-274A0B78B74A}
		{469C2A8D-F682-33DE-9F61-BC98413C2722} = {469C2A8D-F682-33DE-9F61-BC98413C2722}
	EndProjectSection
EndProject
Project("{8BC9CEB8-8B4A-11D0-8D11-00A0C91BC942}") = "ctest-large-cleanup", "ctest-large-cleanup.vcxproj", "{6E87A229-5C5B-3905-AB74-0940C8804748}"
	ProjectSection(ProjectDependencies) = postProject
		{5D314217-4B27-38AC-925F-9EB30DDEF460} = {5D314217-4B27-38AC-925F-9EB30DDEF460}
	EndProjectSection
EndProject
Project("{8BC9CEB8-8B4A-11D0-8D11-00A0C91BC942}") = "logog", "ThirdParty\logog\logog.vcxproj", "{7062F4C9-5C3A-3AF0-AAA6-66908A178FAA}"
	ProjectSection(ProjectDependencies) = postProject
		{5D314217-4B27-38AC-925F-9EB30DDEF460} = {5D314217-4B27-38AC-925F-9EB30DDEF460}
	EndProjectSection
EndProject
Project("{8BC9CEB8-8B4A-11D0-8D11-00A0C91BC942}") = "ogs", "Applications\CLI\ogs.vcxproj", "{6F2A547F-B512-36E1-A58D-274A0B78B74A}"
	ProjectSection(ProjectDependencies) = postProject
		{F20354A3-63AE-3BBA-B5B2-CEB8D5BFBCB5} = {F20354A3-63AE-3BBA-B5B2-CEB8D5BFBCB5}
		{CE45D287-7A73-37E9-8004-C6DF5F5CB4D9} = {CE45D287-7A73-37E9-8004-C6DF5F5CB4D9}
		{959B1D37-E7E8-310A-BAB2-61DCC21D2E40} = {959B1D37-E7E8-310A-BAB2-61DCC21D2E40}
		{C9E3429E-3E70-3FF0-BC48-02346BD5EDD7} = {C9E3429E-3E70-3FF0-BC48-02346BD5EDD7}
		{1800EA49-D28F-3AD5-A934-AE950E18B098} = {1800EA49-D28F-3AD5-A934-AE950E18B098}
		{71C471A8-43EA-3AB8-B629-92C846FF085D} = {71C471A8-43EA-3AB8-B629-92C846FF085D}
		{8A418D36-C1B6-3CD3-A848-DE51DFBE1408} = {8A418D36-C1B6-3CD3-A848-DE51DFBE1408}
		{17C1B964-DA56-3A55-AC01-D3F121E31953} = {17C1B964-DA56-3A55-AC01-D3F121E31953}
		{A99770EA-422C-333F-A2F1-07D70B2A9289} = {A99770EA-422C-333F-A2F1-07D70B2A9289}
		{22B5701C-CBD3-318E-916D-70EFFFE6D7FC} = {22B5701C-CBD3-318E-916D-70EFFFE6D7FC}
		{8C127EAD-293C-34D5-9BE6-93F117AA912C} = {8C127EAD-293C-34D5-9BE6-93F117AA912C}
		{A5F91258-E1BE-3A84-9733-4AD13998853A} = {A5F91258-E1BE-3A84-9733-4AD13998853A}
		{5D314217-4B27-38AC-925F-9EB30DDEF460} = {5D314217-4B27-38AC-925F-9EB30DDEF460}
		{7062F4C9-5C3A-3AF0-AAA6-66908A178FAA} = {7062F4C9-5C3A-3AF0-AAA6-66908A178FAA}
		{7FD20B1A-DA61-3A84-B56C-D4E1C7C315C8} = {7FD20B1A-DA61-3A84-B56C-D4E1C7C315C8}
	EndProjectSection
EndProject
Project("{8BC9CEB8-8B4A-11D0-8D11-00A0C91BC942}") = "shp", "ThirdParty\shape\shp.vcxproj", "{7FD20B1A-DA61-3A84-B56C-D4E1C7C315C8}"
	ProjectSection(ProjectDependencies) = postProject
		{5D314217-4B27-38AC-925F-9EB30DDEF460} = {5D314217-4B27-38AC-925F-9EB30DDEF460}
	EndProjectSection
EndProject
Project("{8BC9CEB8-8B4A-11D0-8D11-00A0C91BC942}") = "test-logog", "ThirdParty\logog\test-logog.vcxproj", "{09454F2B-5AB8-3DC9-B93C-AC8474F607D3}"
	ProjectSection(ProjectDependencies) = postProject
		{5D314217-4B27-38AC-925F-9EB30DDEF460} = {5D314217-4B27-38AC-925F-9EB30DDEF460}
		{7062F4C9-5C3A-3AF0-AAA6-66908A178FAA} = {7062F4C9-5C3A-3AF0-AAA6-66908A178FAA}
	EndProjectSection
EndProject
Project("{8BC9CEB8-8B4A-11D0-8D11-00A0C91BC942}") = "testrunner", "Tests\testrunner.vcxproj", "{F5BECC9D-9345-3BA8-ACD8-D997577C7B87}"
	ProjectSection(ProjectDependencies) = postProject
		{F20354A3-63AE-3BBA-B5B2-CEB8D5BFBCB5} = {F20354A3-63AE-3BBA-B5B2-CEB8D5BFBCB5}
		{CE45D287-7A73-37E9-8004-C6DF5F5CB4D9} = {CE45D287-7A73-37E9-8004-C6DF5F5CB4D9}
		{959B1D37-E7E8-310A-BAB2-61DCC21D2E40} = {959B1D37-E7E8-310A-BAB2-61DCC21D2E40}
		{C9E3429E-3E70-3FF0-BC48-02346BD5EDD7} = {C9E3429E-3E70-3FF0-BC48-02346BD5EDD7}
		{BB395743-6D80-384A-A88D-9974E914033A} = {BB395743-6D80-384A-A88D-9974E914033A}
		{1800EA49-D28F-3AD5-A934-AE950E18B098} = {1800EA49-D28F-3AD5-A934-AE950E18B098}
		{71C471A8-43EA-3AB8-B629-92C846FF085D} = {71C471A8-43EA-3AB8-B629-92C846FF085D}
		{8A418D36-C1B6-3CD3-A848-DE51DFBE1408} = {8A418D36-C1B6-3CD3-A848-DE51DFBE1408}
		{17C1B964-DA56-3A55-AC01-D3F121E31953} = {17C1B964-DA56-3A55-AC01-D3F121E31953}
		{A99770EA-422C-333F-A2F1-07D70B2A9289} = {A99770EA-422C-333F-A2F1-07D70B2A9289}
		{22B5701C-CBD3-318E-916D-70EFFFE6D7FC} = {22B5701C-CBD3-318E-916D-70EFFFE6D7FC}
		{8C127EAD-293C-34D5-9BE6-93F117AA912C} = {8C127EAD-293C-34D5-9BE6-93F117AA912C}
		{A5F91258-E1BE-3A84-9733-4AD13998853A} = {A5F91258-E1BE-3A84-9733-4AD13998853A}
		{5D314217-4B27-38AC-925F-9EB30DDEF460} = {5D314217-4B27-38AC-925F-9EB30DDEF460}
		{7062F4C9-5C3A-3AF0-AAA6-66908A178FAA} = {7062F4C9-5C3A-3AF0-AAA6-66908A178FAA}
		{7FD20B1A-DA61-3A84-B56C-D4E1C7C315C8} = {7FD20B1A-DA61-3A84-B56C-D4E1C7C315C8}
	EndProjectSection
EndProject
Project("{8BC9CEB8-8B4A-11D0-8D11-00A0C91BC942}") = "tests", "Tests\tests.vcxproj", "{AB846438-8909-3AF4-A116-47FAA8AE9268}"
	ProjectSection(ProjectDependencies) = postProject
		{5D314217-4B27-38AC-925F-9EB30DDEF460} = {5D314217-4B27-38AC-925F-9EB30DDEF460}
		{F5BECC9D-9345-3BA8-ACD8-D997577C7B87} = {F5BECC9D-9345-3BA8-ACD8-D997577C7B87}
		{70F86C6E-BC82-3B45-AD3B-6115C52682F9} = {70F86C6E-BC82-3B45-AD3B-6115C52682F9}
	EndProjectSection
EndProject
Project("{8BC9CEB8-8B4A-11D0-8D11-00A0C91BC942}") = "tests-cleanup", "Tests\tests-cleanup.vcxproj", "{70F86C6E-BC82-3B45-AD3B-6115C52682F9}"
	ProjectSection(ProjectDependencies) = postProject
		{5D314217-4B27-38AC-925F-9EB30DDEF460} = {5D314217-4B27-38AC-925F-9EB30DDEF460}
	EndProjectSection
EndProject
Project("{8BC9CEB8-8B4A-11D0-8D11-00A0C91BC942}") = "tet", "ThirdParty\tetgen\tet.vcxproj", "{E8AF9813-B9CA-316C-8B0D-4B50AEA466DE}"
	ProjectSection(ProjectDependencies) = postProject
		{5D314217-4B27-38AC-925F-9EB30DDEF460} = {5D314217-4B27-38AC-925F-9EB30DDEF460}
	EndProjectSection
EndProject
Project("{8BC9CEB8-8B4A-11D0-8D11-00A0C91BC942}") = "tetgen", "ThirdParty\tetgen\tetgen.vcxproj", "{A046C5D2-403D-393A-A340-EB79AA26719E}"
	ProjectSection(ProjectDependencies) = postProject
		{5D314217-4B27-38AC-925F-9EB30DDEF460} = {5D314217-4B27-38AC-925F-9EB30DDEF460}
	EndProjectSection
EndProject
Project("{8BC9CEB8-8B4A-11D0-8D11-00A0C91BC942}") = "vtk", "vtk.vcxproj", "{3ACCF736-F93A-37DD-BC3D-72D5EE7EBCE4}"
	ProjectSection(ProjectDependencies) = postProject
		{5D314217-4B27-38AC-925F-9EB30DDEF460} = {5D314217-4B27-38AC-925F-9EB30DDEF460}
	EndProjectSection
EndProject
Project("{8BC9CEB8-8B4A-11D0-8D11-00A0C91BC942}") = "vtkdiff", "ThirdParty\vtkdiff\vtkdiff.vcxproj", "{469C2A8D-F682-33DE-9F61-BC98413C2722}"
	ProjectSection(ProjectDependencies) = postProject
		{A5F91258-E1BE-3A84-9733-4AD13998853A} = {A5F91258-E1BE-3A84-9733-4AD13998853A}
		{5D314217-4B27-38AC-925F-9EB30DDEF460} = {5D314217-4B27-38AC-925F-9EB30DDEF460}
	EndProjectSection
EndProject
Project("{2150E333-8FDC-42A3-9474-1A3956D46DE8}") = "CMakePredefinedTargets", "CMakePredefinedTargets", "{6299CB91-B98D-319E-ADB1-04226B5D8650}"
EndProject
Project("{2150E333-8FDC-42A3-9474-1A3956D46DE8}") = "CTestDashboardTargets", "CTestDashboardTargets", "{1E18BF84-E2BC-3F40-90F8-24E9E497AB0C}"
EndProject
Project("{2150E333-8FDC-42A3-9474-1A3956D46DE8}") = "ExternalProjectTargets", "ExternalProjectTargets", "{2F3A5343-8495-380F-BFAF-2530F8E7251E}"
EndProject
Project("{2150E333-8FDC-42A3-9474-1A3956D46DE8}") = "Boost", "ExternalProjectTargets\Boost", "{7107709A-F324-38EA-8C29-D77A72E4E7C0}"
EndProject
Project("{2150E333-8FDC-42A3-9474-1A3956D46DE8}") = "vtk", "ExternalProjectTargets\vtk", "{334A3FFA-0311-31C9-BBFE-203908A7BDDC}"
EndProject
Project("{2150E333-8FDC-42A3-9474-1A3956D46DE8}") = "SimpleTests", "SimpleTests", "{8DCE056E-DC9F-3D39-A211-5C5F6C36C260}"
EndProject
Project("{2150E333-8FDC-42A3-9474-1A3956D46DE8}") = "Testing", "Testing", "{AA558D45-6BCC-3253-A668-B5A8363ADD53}"
EndProject
Project("{2150E333-8FDC-42A3-9474-1A3956D46DE8}") = "logog", "logog", "{49F595DC-5E1F-3A66-8126-99170EC4D914}"
EndProject
Global
	GlobalSection(SolutionConfigurationPlatforms) = preSolution
		RelWithDebInfo|Win32 = RelWithDebInfo|Win32
		Release|Win32 = Release|Win32
		Debug|Win32 = Debug|Win32
	EndGlobalSection
	GlobalSection(ProjectConfigurationPlatforms) = postSolution
		{9CCC8158-A9FE-32C9-B555-2BDA9B8B803C}.RelWithDebInfo|Win32.ActiveCfg = RelWithDebInfo|Win32
		{9CCC8158-A9FE-32C9-B555-2BDA9B8B803C}.RelWithDebInfo|Win32.Build.0 = RelWithDebInfo|Win32
		{9CCC8158-A9FE-32C9-B555-2BDA9B8B803C}.Release|Win32.ActiveCfg = Release|Win32
		{9CCC8158-A9FE-32C9-B555-2BDA9B8B803C}.Release|Win32.Build.0 = Release|Win32
		{9CCC8158-A9FE-32C9-B555-2BDA9B8B803C}.Debug|Win32.ActiveCfg = Debug|Win32
		{9CCC8158-A9FE-32C9-B555-2BDA9B8B803C}.Debug|Win32.Build.0 = Debug|Win32
		{F20354A3-63AE-3BBA-B5B2-CEB8D5BFBCB5}.RelWithDebInfo|Win32.ActiveCfg = RelWithDebInfo|Win32
		{F20354A3-63AE-3BBA-B5B2-CEB8D5BFBCB5}.RelWithDebInfo|Win32.Build.0 = RelWithDebInfo|Win32
		{F20354A3-63AE-3BBA-B5B2-CEB8D5BFBCB5}.Release|Win32.ActiveCfg = Release|Win32
		{F20354A3-63AE-3BBA-B5B2-CEB8D5BFBCB5}.Release|Win32.Build.0 = Release|Win32
		{F20354A3-63AE-3BBA-B5B2-CEB8D5BFBCB5}.Debug|Win32.ActiveCfg = Debug|Win32
		{F20354A3-63AE-3BBA-B5B2-CEB8D5BFBCB5}.Debug|Win32.Build.0 = Debug|Win32
		{CE45D287-7A73-37E9-8004-C6DF5F5CB4D9}.RelWithDebInfo|Win32.ActiveCfg = RelWithDebInfo|Win32
		{CE45D287-7A73-37E9-8004-C6DF5F5CB4D9}.RelWithDebInfo|Win32.Build.0 = RelWithDebInfo|Win32
		{CE45D287-7A73-37E9-8004-C6DF5F5CB4D9}.Release|Win32.ActiveCfg = Release|Win32
		{CE45D287-7A73-37E9-8004-C6DF5F5CB4D9}.Release|Win32.Build.0 = Release|Win32
		{CE45D287-7A73-37E9-8004-C6DF5F5CB4D9}.Debug|Win32.ActiveCfg = Debug|Win32
		{CE45D287-7A73-37E9-8004-C6DF5F5CB4D9}.Debug|Win32.Build.0 = Debug|Win32
		{959B1D37-E7E8-310A-BAB2-61DCC21D2E40}.RelWithDebInfo|Win32.ActiveCfg = RelWithDebInfo|Win32
		{959B1D37-E7E8-310A-BAB2-61DCC21D2E40}.RelWithDebInfo|Win32.Build.0 = RelWithDebInfo|Win32
		{959B1D37-E7E8-310A-BAB2-61DCC21D2E40}.Release|Win32.ActiveCfg = Release|Win32
		{959B1D37-E7E8-310A-BAB2-61DCC21D2E40}.Release|Win32.Build.0 = Release|Win32
		{959B1D37-E7E8-310A-BAB2-61DCC21D2E40}.Debug|Win32.ActiveCfg = Debug|Win32
		{959B1D37-E7E8-310A-BAB2-61DCC21D2E40}.Debug|Win32.Build.0 = Debug|Win32
		{5EDBED25-1A0A-31A1-8653-643247264E77}.RelWithDebInfo|Win32.ActiveCfg = RelWithDebInfo|Win32
		{5EDBED25-1A0A-31A1-8653-643247264E77}.RelWithDebInfo|Win32.Build.0 = RelWithDebInfo|Win32
		{5EDBED25-1A0A-31A1-8653-643247264E77}.Release|Win32.ActiveCfg = Release|Win32
		{5EDBED25-1A0A-31A1-8653-643247264E77}.Release|Win32.Build.0 = Release|Win32
		{5EDBED25-1A0A-31A1-8653-643247264E77}.Debug|Win32.ActiveCfg = Debug|Win32
		{5EDBED25-1A0A-31A1-8653-643247264E77}.Debug|Win32.Build.0 = Debug|Win32
		{1524277A-22FF-3289-9282-A260D6FC27C2}.RelWithDebInfo|Win32.ActiveCfg = RelWithDebInfo|Win32
		{1524277A-22FF-3289-9282-A260D6FC27C2}.Release|Win32.ActiveCfg = Release|Win32
		{1524277A-22FF-3289-9282-A260D6FC27C2}.Debug|Win32.ActiveCfg = Debug|Win32
		{1F761FE4-461F-360E-8002-323E242389A5}.RelWithDebInfo|Win32.ActiveCfg = RelWithDebInfo|Win32
		{1F761FE4-461F-360E-8002-323E242389A5}.RelWithDebInfo|Win32.Build.0 = RelWithDebInfo|Win32
		{1F761FE4-461F-360E-8002-323E242389A5}.Release|Win32.ActiveCfg = Release|Win32
		{1F761FE4-461F-360E-8002-323E242389A5}.Release|Win32.Build.0 = Release|Win32
		{1F761FE4-461F-360E-8002-323E242389A5}.Debug|Win32.ActiveCfg = Debug|Win32
		{1F761FE4-461F-360E-8002-323E242389A5}.Debug|Win32.Build.0 = Debug|Win32
		{A90AF360-B3E3-38BD-855E-3F2531C2670E}.RelWithDebInfo|Win32.ActiveCfg = RelWithDebInfo|Win32
		{A90AF360-B3E3-38BD-855E-3F2531C2670E}.Release|Win32.ActiveCfg = Release|Win32
		{A90AF360-B3E3-38BD-855E-3F2531C2670E}.Debug|Win32.ActiveCfg = Debug|Win32
		{C9E3429E-3E70-3FF0-BC48-02346BD5EDD7}.RelWithDebInfo|Win32.ActiveCfg = RelWithDebInfo|Win32
		{C9E3429E-3E70-3FF0-BC48-02346BD5EDD7}.RelWithDebInfo|Win32.Build.0 = RelWithDebInfo|Win32
		{C9E3429E-3E70-3FF0-BC48-02346BD5EDD7}.Release|Win32.ActiveCfg = Release|Win32
		{C9E3429E-3E70-3FF0-BC48-02346BD5EDD7}.Release|Win32.Build.0 = Release|Win32
		{C9E3429E-3E70-3FF0-BC48-02346BD5EDD7}.Debug|Win32.ActiveCfg = Debug|Win32
		{C9E3429E-3E70-3FF0-BC48-02346BD5EDD7}.Debug|Win32.Build.0 = Debug|Win32
		{BB395743-6D80-384A-A88D-9974E914033A}.RelWithDebInfo|Win32.ActiveCfg = RelWithDebInfo|Win32
		{BB395743-6D80-384A-A88D-9974E914033A}.RelWithDebInfo|Win32.Build.0 = RelWithDebInfo|Win32
		{BB395743-6D80-384A-A88D-9974E914033A}.Release|Win32.ActiveCfg = Release|Win32
		{BB395743-6D80-384A-A88D-9974E914033A}.Release|Win32.Build.0 = Release|Win32
		{BB395743-6D80-384A-A88D-9974E914033A}.Debug|Win32.ActiveCfg = Debug|Win32
		{BB395743-6D80-384A-A88D-9974E914033A}.Debug|Win32.Build.0 = Debug|Win32
		{1800EA49-D28F-3AD5-A934-AE950E18B098}.RelWithDebInfo|Win32.ActiveCfg = RelWithDebInfo|Win32
		{1800EA49-D28F-3AD5-A934-AE950E18B098}.RelWithDebInfo|Win32.Build.0 = RelWithDebInfo|Win32
		{1800EA49-D28F-3AD5-A934-AE950E18B098}.Release|Win32.ActiveCfg = Release|Win32
		{1800EA49-D28F-3AD5-A934-AE950E18B098}.Release|Win32.Build.0 = Release|Win32
		{1800EA49-D28F-3AD5-A934-AE950E18B098}.Debug|Win32.ActiveCfg = Debug|Win32
		{1800EA49-D28F-3AD5-A934-AE950E18B098}.Debug|Win32.Build.0 = Debug|Win32
		{5D2B3F62-CC40-37CC-9D57-1B31FEEEC733}.RelWithDebInfo|Win32.ActiveCfg = RelWithDebInfo|Win32
		{5D2B3F62-CC40-37CC-9D57-1B31FEEEC733}.Release|Win32.ActiveCfg = Release|Win32
		{5D2B3F62-CC40-37CC-9D57-1B31FEEEC733}.Debug|Win32.ActiveCfg = Debug|Win32
		{71C471A8-43EA-3AB8-B629-92C846FF085D}.RelWithDebInfo|Win32.ActiveCfg = RelWithDebInfo|Win32
		{71C471A8-43EA-3AB8-B629-92C846FF085D}.RelWithDebInfo|Win32.Build.0 = RelWithDebInfo|Win32
		{71C471A8-43EA-3AB8-B629-92C846FF085D}.Release|Win32.ActiveCfg = Release|Win32
		{71C471A8-43EA-3AB8-B629-92C846FF085D}.Release|Win32.Build.0 = Release|Win32
		{71C471A8-43EA-3AB8-B629-92C846FF085D}.Debug|Win32.ActiveCfg = Debug|Win32
		{71C471A8-43EA-3AB8-B629-92C846FF085D}.Debug|Win32.Build.0 = Debug|Win32
		{0E600943-50E5-3510-BA4A-35EAF145238B}.RelWithDebInfo|Win32.ActiveCfg = RelWithDebInfo|Win32
		{0E600943-50E5-3510-BA4A-35EAF145238B}.RelWithDebInfo|Win32.Build.0 = RelWithDebInfo|Win32
		{0E600943-50E5-3510-BA4A-35EAF145238B}.Release|Win32.ActiveCfg = Release|Win32
		{0E600943-50E5-3510-BA4A-35EAF145238B}.Release|Win32.Build.0 = Release|Win32
		{0E600943-50E5-3510-BA4A-35EAF145238B}.Debug|Win32.ActiveCfg = Debug|Win32
		{0E600943-50E5-3510-BA4A-35EAF145238B}.Debug|Win32.Build.0 = Debug|Win32
		{4FC55CC6-70E5-3270-9A0F-EEEFF01977E8}.RelWithDebInfo|Win32.ActiveCfg = RelWithDebInfo|Win32
		{4FC55CC6-70E5-3270-9A0F-EEEFF01977E8}.RelWithDebInfo|Win32.Build.0 = RelWithDebInfo|Win32
		{4FC55CC6-70E5-3270-9A0F-EEEFF01977E8}.Release|Win32.ActiveCfg = Release|Win32
		{4FC55CC6-70E5-3270-9A0F-EEEFF01977E8}.Release|Win32.Build.0 = Release|Win32
		{4FC55CC6-70E5-3270-9A0F-EEEFF01977E8}.Debug|Win32.ActiveCfg = Debug|Win32
		{4FC55CC6-70E5-3270-9A0F-EEEFF01977E8}.Debug|Win32.Build.0 = Debug|Win32
		{8A418D36-C1B6-3CD3-A848-DE51DFBE1408}.RelWithDebInfo|Win32.ActiveCfg = RelWithDebInfo|Win32
		{8A418D36-C1B6-3CD3-A848-DE51DFBE1408}.RelWithDebInfo|Win32.Build.0 = RelWithDebInfo|Win32
		{8A418D36-C1B6-3CD3-A848-DE51DFBE1408}.Release|Win32.ActiveCfg = Release|Win32
		{8A418D36-C1B6-3CD3-A848-DE51DFBE1408}.Release|Win32.Build.0 = Release|Win32
		{8A418D36-C1B6-3CD3-A848-DE51DFBE1408}.Debug|Win32.ActiveCfg = Debug|Win32
		{8A418D36-C1B6-3CD3-A848-DE51DFBE1408}.Debug|Win32.Build.0 = Debug|Win32
		{17C1B964-DA56-3A55-AC01-D3F121E31953}.RelWithDebInfo|Win32.ActiveCfg = RelWithDebInfo|Win32
		{17C1B964-DA56-3A55-AC01-D3F121E31953}.RelWithDebInfo|Win32.Build.0 = RelWithDebInfo|Win32
		{17C1B964-DA56-3A55-AC01-D3F121E31953}.Release|Win32.ActiveCfg = Release|Win32
		{17C1B964-DA56-3A55-AC01-D3F121E31953}.Release|Win32.Build.0 = Release|Win32
		{17C1B964-DA56-3A55-AC01-D3F121E31953}.Debug|Win32.ActiveCfg = Debug|Win32
		{17C1B964-DA56-3A55-AC01-D3F121E31953}.Debug|Win32.Build.0 = Debug|Win32
		{A99770EA-422C-333F-A2F1-07D70B2A9289}.RelWithDebInfo|Win32.ActiveCfg = RelWithDebInfo|Win32
		{A99770EA-422C-333F-A2F1-07D70B2A9289}.RelWithDebInfo|Win32.Build.0 = RelWithDebInfo|Win32
		{A99770EA-422C-333F-A2F1-07D70B2A9289}.Release|Win32.ActiveCfg = Release|Win32
		{A99770EA-422C-333F-A2F1-07D70B2A9289}.Release|Win32.Build.0 = Release|Win32
		{A99770EA-422C-333F-A2F1-07D70B2A9289}.Debug|Win32.ActiveCfg = Debug|Win32
		{A99770EA-422C-333F-A2F1-07D70B2A9289}.Debug|Win32.Build.0 = Debug|Win32
		{243B9041-7855-3EF2-B5BC-50FAA21C11A2}.RelWithDebInfo|Win32.ActiveCfg = RelWithDebInfo|Win32
		{243B9041-7855-3EF2-B5BC-50FAA21C11A2}.RelWithDebInfo|Win32.Build.0 = RelWithDebInfo|Win32
		{243B9041-7855-3EF2-B5BC-50FAA21C11A2}.Release|Win32.ActiveCfg = Release|Win32
		{243B9041-7855-3EF2-B5BC-50FAA21C11A2}.Release|Win32.Build.0 = Release|Win32
		{243B9041-7855-3EF2-B5BC-50FAA21C11A2}.Debug|Win32.ActiveCfg = Debug|Win32
		{243B9041-7855-3EF2-B5BC-50FAA21C11A2}.Debug|Win32.Build.0 = Debug|Win32
		{3FBBBCE7-E73C-3449-BA30-1232CA04B234}.RelWithDebInfo|Win32.ActiveCfg = RelWithDebInfo|Win32
		{3FBBBCE7-E73C-3449-BA30-1232CA04B234}.RelWithDebInfo|Win32.Build.0 = RelWithDebInfo|Win32
		{3FBBBCE7-E73C-3449-BA30-1232CA04B234}.Release|Win32.ActiveCfg = Release|Win32
		{3FBBBCE7-E73C-3449-BA30-1232CA04B234}.Release|Win32.Build.0 = Release|Win32
		{3FBBBCE7-E73C-3449-BA30-1232CA04B234}.Debug|Win32.ActiveCfg = Debug|Win32
		{3FBBBCE7-E73C-3449-BA30-1232CA04B234}.Debug|Win32.Build.0 = Debug|Win32
		{4D3BBED5-B8C7-3AF2-B9B2-153A9E5A19F3}.RelWithDebInfo|Win32.ActiveCfg = RelWithDebInfo|Win32
		{4D3BBED5-B8C7-3AF2-B9B2-153A9E5A19F3}.Release|Win32.ActiveCfg = Release|Win32
		{4D3BBED5-B8C7-3AF2-B9B2-153A9E5A19F3}.Debug|Win32.ActiveCfg = Debug|Win32
		{CE5F5F0E-D911-399F-B179-51E114318B59}.RelWithDebInfo|Win32.ActiveCfg = RelWithDebInfo|Win32
		{CE5F5F0E-D911-399F-B179-51E114318B59}.Release|Win32.ActiveCfg = Release|Win32
		{CE5F5F0E-D911-399F-B179-51E114318B59}.Debug|Win32.ActiveCfg = Debug|Win32
		{22B5701C-CBD3-318E-916D-70EFFFE6D7FC}.RelWithDebInfo|Win32.ActiveCfg = RelWithDebInfo|Win32
		{22B5701C-CBD3-318E-916D-70EFFFE6D7FC}.RelWithDebInfo|Win32.Build.0 = RelWithDebInfo|Win32
		{22B5701C-CBD3-318E-916D-70EFFFE6D7FC}.Release|Win32.ActiveCfg = Release|Win32
		{22B5701C-CBD3-318E-916D-70EFFFE6D7FC}.Release|Win32.Build.0 = Release|Win32
		{22B5701C-CBD3-318E-916D-70EFFFE6D7FC}.Debug|Win32.ActiveCfg = Debug|Win32
		{22B5701C-CBD3-318E-916D-70EFFFE6D7FC}.Debug|Win32.Build.0 = Debug|Win32
		{088599FC-417E-328C-AE69-D1BB6A22124C}.RelWithDebInfo|Win32.ActiveCfg = RelWithDebInfo|Win32
		{088599FC-417E-328C-AE69-D1BB6A22124C}.Release|Win32.ActiveCfg = Release|Win32
		{088599FC-417E-328C-AE69-D1BB6A22124C}.Debug|Win32.ActiveCfg = Debug|Win32
		{8C127EAD-293C-34D5-9BE6-93F117AA912C}.RelWithDebInfo|Win32.ActiveCfg = RelWithDebInfo|Win32
		{8C127EAD-293C-34D5-9BE6-93F117AA912C}.RelWithDebInfo|Win32.Build.0 = RelWithDebInfo|Win32
		{8C127EAD-293C-34D5-9BE6-93F117AA912C}.Release|Win32.ActiveCfg = Release|Win32
		{8C127EAD-293C-34D5-9BE6-93F117AA912C}.Release|Win32.Build.0 = Release|Win32
		{8C127EAD-293C-34D5-9BE6-93F117AA912C}.Debug|Win32.ActiveCfg = Debug|Win32
		{8C127EAD-293C-34D5-9BE6-93F117AA912C}.Debug|Win32.Build.0 = Debug|Win32
		{06CBCA5E-C90E-3FFD-A7AE-BD096A8814FE}.RelWithDebInfo|Win32.ActiveCfg = RelWithDebInfo|Win32
		{06CBCA5E-C90E-3FFD-A7AE-BD096A8814FE}.Release|Win32.ActiveCfg = Release|Win32
		{06CBCA5E-C90E-3FFD-A7AE-BD096A8814FE}.Debug|Win32.ActiveCfg = Debug|Win32
		{A5F91258-E1BE-3A84-9733-4AD13998853A}.RelWithDebInfo|Win32.ActiveCfg = RelWithDebInfo|Win32
		{A5F91258-E1BE-3A84-9733-4AD13998853A}.RelWithDebInfo|Win32.Build.0 = RelWithDebInfo|Win32
		{A5F91258-E1BE-3A84-9733-4AD13998853A}.Release|Win32.ActiveCfg = Release|Win32
		{A5F91258-E1BE-3A84-9733-4AD13998853A}.Release|Win32.Build.0 = Release|Win32
		{A5F91258-E1BE-3A84-9733-4AD13998853A}.Debug|Win32.ActiveCfg = Debug|Win32
		{A5F91258-E1BE-3A84-9733-4AD13998853A}.Debug|Win32.Build.0 = Debug|Win32
		{5D314217-4B27-38AC-925F-9EB30DDEF460}.RelWithDebInfo|Win32.ActiveCfg = RelWithDebInfo|Win32
		{5D314217-4B27-38AC-925F-9EB30DDEF460}.RelWithDebInfo|Win32.Build.0 = RelWithDebInfo|Win32
		{5D314217-4B27-38AC-925F-9EB30DDEF460}.Release|Win32.ActiveCfg = Release|Win32
		{5D314217-4B27-38AC-925F-9EB30DDEF460}.Release|Win32.Build.0 = Release|Win32
		{5D314217-4B27-38AC-925F-9EB30DDEF460}.Debug|Win32.ActiveCfg = Debug|Win32
		{5D314217-4B27-38AC-925F-9EB30DDEF460}.Debug|Win32.Build.0 = Debug|Win32
		{67D487E4-C496-35C4-B47E-C56D1D7A7F17}.RelWithDebInfo|Win32.ActiveCfg = RelWithDebInfo|Win32
		{67D487E4-C496-35C4-B47E-C56D1D7A7F17}.Release|Win32.ActiveCfg = Release|Win32
		{67D487E4-C496-35C4-B47E-C56D1D7A7F17}.Debug|Win32.ActiveCfg = Debug|Win32
		{845D51E1-D6E7-3E59-8081-131EA5CB352B}.RelWithDebInfo|Win32.ActiveCfg = RelWithDebInfo|Win32
		{845D51E1-D6E7-3E59-8081-131EA5CB352B}.RelWithDebInfo|Win32.Build.0 = RelWithDebInfo|Win32
		{845D51E1-D6E7-3E59-8081-131EA5CB352B}.Release|Win32.ActiveCfg = Release|Win32
		{845D51E1-D6E7-3E59-8081-131EA5CB352B}.Release|Win32.Build.0 = Release|Win32
		{845D51E1-D6E7-3E59-8081-131EA5CB352B}.Debug|Win32.ActiveCfg = Debug|Win32
		{845D51E1-D6E7-3E59-8081-131EA5CB352B}.Debug|Win32.Build.0 = Debug|Win32
		{C27346A0-BE16-3BEF-A5DB-EFDCEC66C188}.RelWithDebInfo|Win32.ActiveCfg = RelWithDebInfo|Win32
		{C27346A0-BE16-3BEF-A5DB-EFDCEC66C188}.Release|Win32.ActiveCfg = Release|Win32
		{C27346A0-BE16-3BEF-A5DB-EFDCEC66C188}.Debug|Win32.ActiveCfg = Debug|Win32
		{6E87A229-5C5B-3905-AB74-0940C8804748}.RelWithDebInfo|Win32.ActiveCfg = RelWithDebInfo|Win32
		{6E87A229-5C5B-3905-AB74-0940C8804748}.RelWithDebInfo|Win32.Build.0 = RelWithDebInfo|Win32
		{6E87A229-5C5B-3905-AB74-0940C8804748}.Release|Win32.ActiveCfg = Release|Win32
		{6E87A229-5C5B-3905-AB74-0940C8804748}.Release|Win32.Build.0 = Release|Win32
		{6E87A229-5C5B-3905-AB74-0940C8804748}.Debug|Win32.ActiveCfg = Debug|Win32
		{6E87A229-5C5B-3905-AB74-0940C8804748}.Debug|Win32.Build.0 = Debug|Win32
		{7062F4C9-5C3A-3AF0-AAA6-66908A178FAA}.RelWithDebInfo|Win32.ActiveCfg = RelWithDebInfo|Win32
		{7062F4C9-5C3A-3AF0-AAA6-66908A178FAA}.RelWithDebInfo|Win32.Build.0 = RelWithDebInfo|Win32
		{7062F4C9-5C3A-3AF0-AAA6-66908A178FAA}.Release|Win32.ActiveCfg = Release|Win32
		{7062F4C9-5C3A-3AF0-AAA6-66908A178FAA}.Release|Win32.Build.0 = Release|Win32
		{7062F4C9-5C3A-3AF0-AAA6-66908A178FAA}.Debug|Win32.ActiveCfg = Debug|Win32
		{7062F4C9-5C3A-3AF0-AAA6-66908A178FAA}.Debug|Win32.Build.0 = Debug|Win32
		{6F2A547F-B512-36E1-A58D-274A0B78B74A}.RelWithDebInfo|Win32.ActiveCfg = RelWithDebInfo|Win32
		{6F2A547F-B512-36E1-A58D-274A0B78B74A}.RelWithDebInfo|Win32.Build.0 = RelWithDebInfo|Win32
		{6F2A547F-B512-36E1-A58D-274A0B78B74A}.Release|Win32.ActiveCfg = Release|Win32
		{6F2A547F-B512-36E1-A58D-274A0B78B74A}.Release|Win32.Build.0 = Release|Win32
		{6F2A547F-B512-36E1-A58D-274A0B78B74A}.Debug|Win32.ActiveCfg = Debug|Win32
		{6F2A547F-B512-36E1-A58D-274A0B78B74A}.Debug|Win32.Build.0 = Debug|Win32
		{7FD20B1A-DA61-3A84-B56C-D4E1C7C315C8}.RelWithDebInfo|Win32.ActiveCfg = RelWithDebInfo|Win32
		{7FD20B1A-DA61-3A84-B56C-D4E1C7C315C8}.RelWithDebInfo|Win32.Build.0 = RelWithDebInfo|Win32
		{7FD20B1A-DA61-3A84-B56C-D4E1C7C315C8}.Release|Win32.ActiveCfg = Release|Win32
		{7FD20B1A-DA61-3A84-B56C-D4E1C7C315C8}.Release|Win32.Build.0 = Release|Win32
		{7FD20B1A-DA61-3A84-B56C-D4E1C7C315C8}.Debug|Win32.ActiveCfg = Debug|Win32
		{7FD20B1A-DA61-3A84-B56C-D4E1C7C315C8}.Debug|Win32.Build.0 = Debug|Win32
		{09454F2B-5AB8-3DC9-B93C-AC8474F607D3}.RelWithDebInfo|Win32.ActiveCfg = RelWithDebInfo|Win32
		{09454F2B-5AB8-3DC9-B93C-AC8474F607D3}.RelWithDebInfo|Win32.Build.0 = RelWithDebInfo|Win32
		{09454F2B-5AB8-3DC9-B93C-AC8474F607D3}.Release|Win32.ActiveCfg = Release|Win32
		{09454F2B-5AB8-3DC9-B93C-AC8474F607D3}.Release|Win32.Build.0 = Release|Win32
		{09454F2B-5AB8-3DC9-B93C-AC8474F607D3}.Debug|Win32.ActiveCfg = Debug|Win32
		{09454F2B-5AB8-3DC9-B93C-AC8474F607D3}.Debug|Win32.Build.0 = Debug|Win32
		{F5BECC9D-9345-3BA8-ACD8-D997577C7B87}.RelWithDebInfo|Win32.ActiveCfg = RelWithDebInfo|Win32
		{F5BECC9D-9345-3BA8-ACD8-D997577C7B87}.RelWithDebInfo|Win32.Build.0 = RelWithDebInfo|Win32
		{F5BECC9D-9345-3BA8-ACD8-D997577C7B87}.Release|Win32.ActiveCfg = Release|Win32
		{F5BECC9D-9345-3BA8-ACD8-D997577C7B87}.Release|Win32.Build.0 = Release|Win32
		{F5BECC9D-9345-3BA8-ACD8-D997577C7B87}.Debug|Win32.ActiveCfg = Debug|Win32
		{F5BECC9D-9345-3BA8-ACD8-D997577C7B87}.Debug|Win32.Build.0 = Debug|Win32
		{AB846438-8909-3AF4-A116-47FAA8AE9268}.RelWithDebInfo|Win32.ActiveCfg = RelWithDebInfo|Win32
		{AB846438-8909-3AF4-A116-47FAA8AE9268}.Release|Win32.ActiveCfg = Release|Win32
		{AB846438-8909-3AF4-A116-47FAA8AE9268}.Debug|Win32.ActiveCfg = Debug|Win32
		{70F86C6E-BC82-3B45-AD3B-6115C52682F9}.RelWithDebInfo|Win32.ActiveCfg = RelWithDebInfo|Win32
		{70F86C6E-BC82-3B45-AD3B-6115C52682F9}.RelWithDebInfo|Win32.Build.0 = RelWithDebInfo|Win32
		{70F86C6E-BC82-3B45-AD3B-6115C52682F9}.Release|Win32.ActiveCfg = Release|Win32
		{70F86C6E-BC82-3B45-AD3B-6115C52682F9}.Release|Win32.Build.0 = Release|Win32
		{70F86C6E-BC82-3B45-AD3B-6115C52682F9}.Debug|Win32.ActiveCfg = Debug|Win32
		{70F86C6E-BC82-3B45-AD3B-6115C52682F9}.Debug|Win32.Build.0 = Debug|Win32
		{E8AF9813-B9CA-316C-8B0D-4B50AEA466DE}.RelWithDebInfo|Win32.ActiveCfg = RelWithDebInfo|Win32
		{E8AF9813-B9CA-316C-8B0D-4B50AEA466DE}.RelWithDebInfo|Win32.Build.0 = RelWithDebInfo|Win32
		{E8AF9813-B9CA-316C-8B0D-4B50AEA466DE}.Release|Win32.ActiveCfg = Release|Win32
		{E8AF9813-B9CA-316C-8B0D-4B50AEA466DE}.Release|Win32.Build.0 = Release|Win32
		{E8AF9813-B9CA-316C-8B0D-4B50AEA466DE}.Debug|Win32.ActiveCfg = Debug|Win32
		{E8AF9813-B9CA-316C-8B0D-4B50AEA466DE}.Debug|Win32.Build.0 = Debug|Win32
		{A046C5D2-403D-393A-A340-EB79AA26719E}.RelWithDebInfo|Win32.ActiveCfg = RelWithDebInfo|Win32
		{A046C5D2-403D-393A-A340-EB79AA26719E}.RelWithDebInfo|Win32.Build.0 = RelWithDebInfo|Win32
		{A046C5D2-403D-393A-A340-EB79AA26719E}.Release|Win32.ActiveCfg = Release|Win32
		{A046C5D2-403D-393A-A340-EB79AA26719E}.Release|Win32.Build.0 = Release|Win32
		{A046C5D2-403D-393A-A340-EB79AA26719E}.Debug|Win32.ActiveCfg = Debug|Win32
		{A046C5D2-403D-393A-A340-EB79AA26719E}.Debug|Win32.Build.0 = Debug|Win32
		{3ACCF736-F93A-37DD-BC3D-72D5EE7EBCE4}.RelWithDebInfo|Win32.ActiveCfg = RelWithDebInfo|Win32
		{3ACCF736-F93A-37DD-BC3D-72D5EE7EBCE4}.RelWithDebInfo|Win32.Build.0 = RelWithDebInfo|Win32
		{3ACCF736-F93A-37DD-BC3D-72D5EE7EBCE4}.Release|Win32.ActiveCfg = Release|Win32
		{3ACCF736-F93A-37DD-BC3D-72D5EE7EBCE4}.Release|Win32.Build.0 = Release|Win32
		{3ACCF736-F93A-37DD-BC3D-72D5EE7EBCE4}.Debug|Win32.ActiveCfg = Debug|Win32
		{3ACCF736-F93A-37DD-BC3D-72D5EE7EBCE4}.Debug|Win32.Build.0 = Debug|Win32
		{469C2A8D-F682-33DE-9F61-BC98413C2722}.RelWithDebInfo|Win32.ActiveCfg = RelWithDebInfo|Win32
		{469C2A8D-F682-33DE-9F61-BC98413C2722}.RelWithDebInfo|Win32.Build.0 = RelWithDebInfo|Win32
		{469C2A8D-F682-33DE-9F61-BC98413C2722}.Release|Win32.ActiveCfg = Release|Win32
		{469C2A8D-F682-33DE-9F61-BC98413C2722}.Release|Win32.Build.0 = Release|Win32
		{469C2A8D-F682-33DE-9F61-BC98413C2722}.Debug|Win32.ActiveCfg = Debug|Win32
		{469C2A8D-F682-33DE-9F61-BC98413C2722}.Debug|Win32.Build.0 = Debug|Win32
	EndGlobalSection
	GlobalSection(NestedProjects) = preSolution
		{5D2B3F62-CC40-37CC-9D57-1B31FEEEC733} = {6299CB91-B98D-319E-ADB1-04226B5D8650}
		{088599FC-417E-328C-AE69-D1BB6A22124C} = {6299CB91-B98D-319E-ADB1-04226B5D8650}
		{06CBCA5E-C90E-3FFD-A7AE-BD096A8814FE} = {6299CB91-B98D-319E-ADB1-04226B5D8650}
		{5D314217-4B27-38AC-925F-9EB30DDEF460} = {6299CB91-B98D-319E-ADB1-04226B5D8650}
		{A90AF360-B3E3-38BD-855E-3F2531C2670E} = {1E18BF84-E2BC-3F40-90F8-24E9E497AB0C}
		{4D3BBED5-B8C7-3AF2-B9B2-153A9E5A19F3} = {1E18BF84-E2BC-3F40-90F8-24E9E497AB0C}
		{CE5F5F0E-D911-399F-B179-51E114318B59} = {1E18BF84-E2BC-3F40-90F8-24E9E497AB0C}
		{7107709A-F324-38EA-8C29-D77A72E4E7C0} = {2F3A5343-8495-380F-BFAF-2530F8E7251E}
		{334A3FFA-0311-31C9-BBFE-203908A7BDDC} = {2F3A5343-8495-380F-BFAF-2530F8E7251E}
		{5EDBED25-1A0A-31A1-8653-643247264E77} = {7107709A-F324-38EA-8C29-D77A72E4E7C0}
		{3ACCF736-F93A-37DD-BC3D-72D5EE7EBCE4} = {334A3FFA-0311-31C9-BBFE-203908A7BDDC}
		{1F761FE4-461F-360E-8002-323E242389A5} = {8DCE056E-DC9F-3D39-A211-5C5F6C36C260}
		{0E600943-50E5-3510-BA4A-35EAF145238B} = {8DCE056E-DC9F-3D39-A211-5C5F6C36C260}
		{4FC55CC6-70E5-3270-9A0F-EEEFF01977E8} = {8DCE056E-DC9F-3D39-A211-5C5F6C36C260}
		{BB395743-6D80-384A-A88D-9974E914033A} = {AA558D45-6BCC-3253-A668-B5A8363ADD53}
		{F5BECC9D-9345-3BA8-ACD8-D997577C7B87} = {AA558D45-6BCC-3253-A668-B5A8363ADD53}
		{1524277A-22FF-3289-9282-A260D6FC27C2} = {49F595DC-5E1F-3A66-8126-99170EC4D914}
		{7062F4C9-5C3A-3AF0-AAA6-66908A178FAA} = {49F595DC-5E1F-3A66-8126-99170EC4D914}
		{09454F2B-5AB8-3DC9-B93C-AC8474F607D3} = {49F595DC-5E1F-3A66-8126-99170EC4D914}
	EndGlobalSection
	GlobalSection(ExtensibilityGlobals) = postSolution
	EndGlobalSection
	GlobalSection(ExtensibilityAddIns) = postSolution
	EndGlobalSection
EndGlobal
