<?xml version="1.0" encoding="UTF-8"?>
<Project ToolsVersion="14.0" xmlns="http://schemas.microsoft.com/developer/msbuild/2003">
  <ItemGroup>
    <ClCompile Include="D:\ogs\SimpleTests\MatrixTests\DenseGaussEliminationChecker.cpp">
      <Filter>Source Files</Filter>
    </ClCompile>
  </ItemGroup>
  <ItemGroup>
    <CustomBuild Include="D:\ogs\SimpleTests\MatrixTests\CMakeLists.txt" />
  </ItemGroup>
  <ItemGroup>
    <Filter Include="Source Files">
      <UniqueIdentifier>{459161DB-6E77-3F26-990F-4243C72DA12C}</UniqueIdentifier>
    </Filter>
  </ItemGroup>
</Project>
