<?xml version="1.0" encoding="UTF-8"?>
<Project ToolsVersion="14.0" xmlns="http://schemas.microsoft.com/developer/msbuild/2003">
  <ItemGroup>
    <CustomBuild Include="D:\ogs\bb\CMakeFiles\ba3311bebb223cc5bf2d8fd5467f67e4\INSTALL_force.rule">
      <Filter>CMake Rules</Filter>
    </CustomBuild>
  </ItemGroup>
  <ItemGroup>
    <Filter Include="CMake Rules">
      <UniqueIdentifier>{5831A536-5C50-328B-B3D7-97B5164570FD}</UniqueIdentifier>
    </Filter>
  </ItemGroup>
</Project>
